// !$*UTF8*$!
{
	archiveVersion = 1;
	classes = {
	};
	objectVersion = 50;
	objects = {

/* Begin PBXBuildFile section */
		0F3232510304A995F6B6037D /* Pods_TuChong.framework in Frameworks */ = {isa = PBXBuildFile; fileRef = 827E6D5469BAD6EADF9335D1 /* Pods_TuChong.framework */; };
		53173220224130F600B6C10B /* BaseContainerViewController.swift in Sources */ = {isa = PBXBuildFile; fileRef = 5317321F224130F600B6C10B /* BaseContainerViewController.swift */; };
		53679355224132DE00C93C76 /* AppDelegate+Extension.swift in Sources */ = {isa = PBXBuildFile; fileRef = 53679354224132DE00C93C76 /* AppDelegate+Extension.swift */; };
		53F43F99224509DD007027AD /* LaunchManager.swift in Sources */ = {isa = PBXBuildFile; fileRef = 53F43F98224509DD007027AD /* LaunchManager.swift */; };
		C41E0CC4224CA6260032E12A /* Color.swift in Sources */ = {isa = PBXBuildFile; fileRef = C41E0CC3224CA6260032E12A /* Color.swift */; };
		C41E0CC7224CAED20032E12A /* Colors.json in Resources */ = {isa = PBXBuildFile; fileRef = C41E0CC6224CAED20032E12A /* Colors.json */; };
		C41E0CCA224CAFA90032E12A /* Localizable.strings in Resources */ = {isa = PBXBuildFile; fileRef = C41E0CCC224CAFA90032E12A /* Localizable.strings */; };
		C41E0CD2224CB0700032E12A /* GenerateResource.sh in Resources */ = {isa = PBXBuildFile; fileRef = C41E0CD1224CB0700032E12A /* GenerateResource.sh */; };
		C41E0CDC224CBB900032E12A /* R.generated.swift in Sources */ = {isa = PBXBuildFile; fileRef = C41E0CDB224CBB900032E12A /* R.generated.swift */; };
		C47BDC362249B26F001032DC /* LaunchViewController.swift in Sources */ = {isa = PBXBuildFile; fileRef = C47BDC352249B26F001032DC /* LaunchViewController.swift */; };
		C4AC63CF2241BBD100324C23 /* HomeContainerViewController.swift in Sources */ = {isa = PBXBuildFile; fileRef = C4AC63CE2241BBD100324C23 /* HomeContainerViewController.swift */; };
		C4AC63D12241BEF400324C23 /* Reference in Resources */ = {isa = PBXBuildFile; fileRef = C4AC63D02241BEF400324C23 /* Reference */; };
		C4AC63D32241D3CE00324C23 /* Logger.swift in Sources */ = {isa = PBXBuildFile; fileRef = C4AC63D22241D3CE00324C23 /* Logger.swift */; };
		C4AC63D52241E53700324C23 /* ASDKNavigationBar.swift in Sources */ = {isa = PBXBuildFile; fileRef = C4AC63D42241E53700324C23 /* ASDKNavigationBar.swift */; };
		C4AD3C2D224097CB0095BC97 /* AppDelegate.swift in Sources */ = {isa = PBXBuildFile; fileRef = C4AD3C2C224097CB0095BC97 /* AppDelegate.swift */; };
		C4AD3C2F224097CB0095BC97 /* HomepageViewController.swift in Sources */ = {isa = PBXBuildFile; fileRef = C4AD3C2E224097CB0095BC97 /* HomepageViewController.swift */; };
		C4AD3C34224097CB0095BC97 /* Assets.xcassets in Resources */ = {isa = PBXBuildFile; fileRef = C4AD3C33224097CB0095BC97 /* Assets.xcassets */; };
		C4AD3C37224097CB0095BC97 /* LaunchScreen.storyboard in Resources */ = {isa = PBXBuildFile; fileRef = C4AD3C35224097CB0095BC97 /* LaunchScreen.storyboard */; };
		C4AD3C40224098B40095BC97 /* Extension.swift in Sources */ = {isa = PBXBuildFile; fileRef = C4AD3C3F224098B40095BC97 /* Extension.swift */; };
		C4AD3C45224098BE0095BC97 /* Service.swift in Sources */ = {isa = PBXBuildFile; fileRef = C4AD3C42224098BD0095BC97 /* Service.swift */; };
		C4AD3C46224098BE0095BC97 /* HomePage.swift in Sources */ = {isa = PBXBuildFile; fileRef = C4AD3C44224098BD0095BC97 /* HomePage.swift */; };
		C4AD3C492240993A0095BC97 /* SwiftLintRule in Resources */ = {isa = PBXBuildFile; fileRef = C4AD3C482240993A0095BC97 /* SwiftLintRule */; };
		C4AD3C4B2240AEFE0095BC97 /* API in Resources */ = {isa = PBXBuildFile; fileRef = C4AD3C4A2240AEFE0095BC97 /* API */; };
		C4B15B7D2248BD7C00D3DE12 /* HomeTagViewController.swift in Sources */ = {isa = PBXBuildFile; fileRef = C4B15B7C2248BD7C00D3DE12 /* HomeTagViewController.swift */; };
		C4B9825B2241EE8400F65C0E /* Macro.swift in Sources */ = {isa = PBXBuildFile; fileRef = C4B9825A2241EE8400F65C0E /* Macro.swift */; };
		C4B9825D2242172900F65C0E /* HomeNavView.swift in Sources */ = {isa = PBXBuildFile; fileRef = C4B9825C2242172900F65C0E /* HomeNavView.swift */; };
		C4F658812249C1C100297EF4 /* HomeTagCollectionNodeLayout.swift in Sources */ = {isa = PBXBuildFile; fileRef = C4F658802249C1C100297EF4 /* HomeTagCollectionNodeLayout.swift */; };
		C4F658A52249F0D700297EF4 /* HomeTagCellNode.swift in Sources */ = {isa = PBXBuildFile; fileRef = C4F658A42249F0D700297EF4 /* HomeTagCellNode.swift */; };
/* End PBXBuildFile section */

/* Begin PBXFileReference section */
		5317321F224130F600B6C10B /* BaseContainerViewController.swift */ = {isa = PBXFileReference; lastKnownFileType = sourcecode.swift; path = BaseContainerViewController.swift; sourceTree = "<group>"; };
		53679354224132DE00C93C76 /* AppDelegate+Extension.swift */ = {isa = PBXFileReference; fileEncoding = 4; lastKnownFileType = sourcecode.swift; path = "AppDelegate+Extension.swift"; sourceTree = "<group>"; };
		53F43F98224509DD007027AD /* LaunchManager.swift */ = {isa = PBXFileReference; fileEncoding = 4; lastKnownFileType = sourcecode.swift; path = LaunchManager.swift; sourceTree = "<group>"; };
		827E6D5469BAD6EADF9335D1 /* Pods_TuChong.framework */ = {isa = PBXFileReference; explicitFileType = wrapper.framework; includeInIndex = 0; path = Pods_TuChong.framework; sourceTree = BUILT_PRODUCTS_DIR; };
		85E197914226118C536E28EC /* Pods-TuChong.release.xcconfig */ = {isa = PBXFileReference; includeInIndex = 1; lastKnownFileType = text.xcconfig; name = "Pods-TuChong.release.xcconfig"; path = "Pods/Target Support Files/Pods-TuChong/Pods-TuChong.release.xcconfig"; sourceTree = "<group>"; };
		A9932FE1DB24369678F50635 /* Pods-TuChong.debug.xcconfig */ = {isa = PBXFileReference; includeInIndex = 1; lastKnownFileType = text.xcconfig; name = "Pods-TuChong.debug.xcconfig"; path = "Pods/Target Support Files/Pods-TuChong/Pods-TuChong.debug.xcconfig"; sourceTree = "<group>"; };
		C41E0CC3224CA6260032E12A /* Color.swift */ = {isa = PBXFileReference; lastKnownFileType = sourcecode.swift; path = Color.swift; sourceTree = "<group>"; };
		C41E0CC6224CAED20032E12A /* Colors.json */ = {isa = PBXFileReference; lastKnownFileType = text.json; path = Colors.json; sourceTree = "<group>"; };
		C41E0CCB224CAFA90032E12A /* en */ = {isa = PBXFileReference; lastKnownFileType = text.plist.strings; name = en; path = en.lproj/Localizable.strings; sourceTree = "<group>"; };
		C41E0CD1224CB0700032E12A /* GenerateResource.sh */ = {isa = PBXFileReference; lastKnownFileType = text.script.sh; path = GenerateResource.sh; sourceTree = "<group>"; };
		C41E0CDB224CBB900032E12A /* R.generated.swift */ = {isa = PBXFileReference; fileEncoding = 4; lastKnownFileType = sourcecode.swift; path = R.generated.swift; sourceTree = SOURCE_ROOT; };
		C47BDC352249B26F001032DC /* LaunchViewController.swift */ = {isa = PBXFileReference; lastKnownFileType = sourcecode.swift; path = LaunchViewController.swift; sourceTree = "<group>"; };
		C4AC63CE2241BBD100324C23 /* HomeContainerViewController.swift */ = {isa = PBXFileReference; lastKnownFileType = sourcecode.swift; path = HomeContainerViewController.swift; sourceTree = "<group>"; };
		C4AC63D02241BEF400324C23 /* Reference */ = {isa = PBXFileReference; lastKnownFileType = text; path = Reference; sourceTree = "<group>"; };
		C4AC63D22241D3CE00324C23 /* Logger.swift */ = {isa = PBXFileReference; fileEncoding = 4; lastKnownFileType = sourcecode.swift; path = Logger.swift; sourceTree = "<group>"; };
		C4AC63D42241E53700324C23 /* ASDKNavigationBar.swift */ = {isa = PBXFileReference; lastKnownFileType = sourcecode.swift; path = ASDKNavigationBar.swift; sourceTree = "<group>"; };
		C4AD3C29224097CB0095BC97 /* TuChong.app */ = {isa = PBXFileReference; explicitFileType = wrapper.application; includeInIndex = 0; path = TuChong.app; sourceTree = BUILT_PRODUCTS_DIR; };
		C4AD3C2C224097CB0095BC97 /* AppDelegate.swift */ = {isa = PBXFileReference; lastKnownFileType = sourcecode.swift; path = AppDelegate.swift; sourceTree = "<group>"; };
		C4AD3C2E224097CB0095BC97 /* HomepageViewController.swift */ = {isa = PBXFileReference; lastKnownFileType = sourcecode.swift; path = HomepageViewController.swift; sourceTree = "<group>"; };
		C4AD3C33224097CB0095BC97 /* Assets.xcassets */ = {isa = PBXFileReference; lastKnownFileType = folder.assetcatalog; path = Assets.xcassets; sourceTree = "<group>"; };
		C4AD3C36224097CB0095BC97 /* Base */ = {isa = PBXFileReference; lastKnownFileType = file.storyboard; name = Base; path = Base.lproj/LaunchScreen.storyboard; sourceTree = "<group>"; };
		C4AD3C38224097CB0095BC97 /* Info.plist */ = {isa = PBXFileReference; lastKnownFileType = text.plist.xml; path = Info.plist; sourceTree = "<group>"; };
		C4AD3C3F224098B40095BC97 /* Extension.swift */ = {isa = PBXFileReference; fileEncoding = 4; lastKnownFileType = sourcecode.swift; path = Extension.swift; sourceTree = "<group>"; };
		C4AD3C42224098BD0095BC97 /* Service.swift */ = {isa = PBXFileReference; fileEncoding = 4; lastKnownFileType = sourcecode.swift; path = Service.swift; sourceTree = "<group>"; };
		C4AD3C44224098BD0095BC97 /* HomePage.swift */ = {isa = PBXFileReference; fileEncoding = 4; lastKnownFileType = sourcecode.swift; path = HomePage.swift; sourceTree = "<group>"; };
		C4AD3C482240993A0095BC97 /* SwiftLintRule */ = {isa = PBXFileReference; fileEncoding = 4; lastKnownFileType = text; path = SwiftLintRule; sourceTree = "<group>"; };
		C4AD3C4A2240AEFE0095BC97 /* API */ = {isa = PBXFileReference; lastKnownFileType = text; path = API; sourceTree = "<group>"; };
		C4B15B7C2248BD7C00D3DE12 /* HomeTagViewController.swift */ = {isa = PBXFileReference; lastKnownFileType = sourcecode.swift; path = HomeTagViewController.swift; sourceTree = "<group>"; };
		C4B9825A2241EE8400F65C0E /* Macro.swift */ = {isa = PBXFileReference; lastKnownFileType = sourcecode.swift; path = Macro.swift; sourceTree = "<group>"; };
		C4B9825C2242172900F65C0E /* HomeNavView.swift */ = {isa = PBXFileReference; lastKnownFileType = sourcecode.swift; path = HomeNavView.swift; sourceTree = "<group>"; };
		C4B9825E22421F5F00F65C0E /* TuChong-Bridging-Header.h */ = {isa = PBXFileReference; lastKnownFileType = sourcecode.c.h; path = "TuChong-Bridging-Header.h"; sourceTree = "<group>"; };
		C4F658802249C1C100297EF4 /* HomeTagCollectionNodeLayout.swift */ = {isa = PBXFileReference; lastKnownFileType = sourcecode.swift; path = HomeTagCollectionNodeLayout.swift; sourceTree = "<group>"; };
		C4F658A42249F0D700297EF4 /* HomeTagCellNode.swift */ = {isa = PBXFileReference; lastKnownFileType = sourcecode.swift; path = HomeTagCellNode.swift; sourceTree = "<group>"; };
/* End PBXFileReference section */

/* Begin PBXFrameworksBuildPhase section */
		C4AD3C26224097CB0095BC97 /* Frameworks */ = {
			isa = PBXFrameworksBuildPhase;
			buildActionMask = 2147483647;
			files = (
				0F3232510304A995F6B6037D /* Pods_TuChong.framework in Frameworks */,
			);
			runOnlyForDeploymentPostprocessing = 0;
		};
/* End PBXFrameworksBuildPhase section */

/* Begin PBXGroup section */
		214658E42F57BBD2BBDDBCBC /* Pods */ = {
			isa = PBXGroup;
			children = (
				A9932FE1DB24369678F50635 /* Pods-TuChong.debug.xcconfig */,
				85E197914226118C536E28EC /* Pods-TuChong.release.xcconfig */,
			);
			name = Pods;
			sourceTree = "<group>";
		};
		2B792C2925D56CEAB9EDAE54 /* Frameworks */ = {
			isa = PBXGroup;
			children = (
				827E6D5469BAD6EADF9335D1 /* Pods_TuChong.framework */,
			);
			name = Frameworks;
			sourceTree = "<group>";
		};
		5317321E224130B000B6C10B /* ASDK */ = {
			isa = PBXGroup;
			children = (
				5317321F224130F600B6C10B /* BaseContainerViewController.swift */,
				C4AC63D42241E53700324C23 /* ASDKNavigationBar.swift */,
			);
			path = ASDK;
			sourceTree = "<group>";
		};
		53F43F97224509DD007027AD /* Launch */ = {
			isa = PBXGroup;
			children = (
				53F43F98224509DD007027AD /* LaunchManager.swift */,
				C47BDC352249B26F001032DC /* LaunchViewController.swift */,
			);
			path = Launch;
			sourceTree = "<group>";
		};
		C41E0CC5224CAE680032E12A /* Resources */ = {
			isa = PBXGroup;
			children = (
				C41E0CDB224CBB900032E12A /* R.generated.swift */,
				C41E0CD0224CB0190032E12A /* Fonts */,
				C4AD3C33224097CB0095BC97 /* Assets.xcassets */,
				C41E0CC6224CAED20032E12A /* Colors.json */,
				C41E0CCC224CAFA90032E12A /* Localizable.strings */,
				C41E0CD1224CB0700032E12A /* GenerateResource.sh */,
			);
			path = Resources;
			sourceTree = "<group>";
		};
		C41E0CD0224CB0190032E12A /* Fonts */ = {
			isa = PBXGroup;
			children = (
			);
			path = Fonts;
			sourceTree = "<group>";
		};
		C4AC63CC2241B80100324C23 /* APP */ = {
			isa = PBXGroup;
			children = (
				53679354224132DE00C93C76 /* AppDelegate+Extension.swift */,
				C4AD3C2C224097CB0095BC97 /* AppDelegate.swift */,
				C4B9825E22421F5F00F65C0E /* TuChong-Bridging-Header.h */,
			);
			path = APP;
			sourceTree = "<group>";
		};
		C4AC63CD2241BB4100324C23 /* Home */ = {
			isa = PBXGroup;
			children = (
				C4B9825C2242172900F65C0E /* HomeNavView.swift */,
				C4AC63CE2241BBD100324C23 /* HomeContainerViewController.swift */,
				C4AD3C2E224097CB0095BC97 /* HomepageViewController.swift */,
				C4B15B7C2248BD7C00D3DE12 /* HomeTagViewController.swift */,
				C4F658802249C1C100297EF4 /* HomeTagCollectionNodeLayout.swift */,
				C4F658A42249F0D700297EF4 /* HomeTagCellNode.swift */,
			);
			path = Home;
			sourceTree = "<group>";
		};
		C4AD3C20224097CB0095BC97 = {
			isa = PBXGroup;
			children = (
				C4AD3C2B224097CB0095BC97 /* TuChong */,
				C4AD3C2A224097CB0095BC97 /* Products */,
				214658E42F57BBD2BBDDBCBC /* Pods */,
				2B792C2925D56CEAB9EDAE54 /* Frameworks */,
			);
			sourceTree = "<group>";
		};
		C4AD3C2A224097CB0095BC97 /* Products */ = {
			isa = PBXGroup;
			children = (
				C4AD3C29224097CB0095BC97 /* TuChong.app */,
			);
			name = Products;
			sourceTree = "<group>";
		};
		C4AD3C2B224097CB0095BC97 /* TuChong */ = {
			isa = PBXGroup;
			children = (
				C41E0CC5224CAE680032E12A /* Resources */,
				53F43F97224509DD007027AD /* Launch */,
				C4AC63CC2241B80100324C23 /* APP */,
				5317321E224130B000B6C10B /* ASDK */,
				C4AD3C43224098BD0095BC97 /* Model */,
				C4AD3C41224098BD0095BC97 /* Service */,
				C4AD3C3E224098B40095BC97 /* Helper */,
				C4AC63CD2241BB4100324C23 /* Home */,
				C4AD3C35224097CB0095BC97 /* LaunchScreen.storyboard */,
				C4AD3C38224097CB0095BC97 /* Info.plist */,
				C4AD3C482240993A0095BC97 /* SwiftLintRule */,
				C4AD3C4A2240AEFE0095BC97 /* API */,
				C4AC63D02241BEF400324C23 /* Reference */,
			);
			path = TuChong;
			sourceTree = "<group>";
		};
		C4AD3C3E224098B40095BC97 /* Helper */ = {
			isa = PBXGroup;
			children = (
				C4AC63D22241D3CE00324C23 /* Logger.swift */,
				C4AD3C3F224098B40095BC97 /* Extension.swift */,
				C4B9825A2241EE8400F65C0E /* Macro.swift */,
				C41E0CC3224CA6260032E12A /* Color.swift */,
			);
			path = Helper;
			sourceTree = "<group>";
		};
		C4AD3C41224098BD0095BC97 /* Service */ = {
			isa = PBXGroup;
			children = (
				C4AD3C42224098BD0095BC97 /* Service.swift */,
			);
			path = Service;
			sourceTree = "<group>";
		};
		C4AD3C43224098BD0095BC97 /* Model */ = {
			isa = PBXGroup;
			children = (
				C4AD3C44224098BD0095BC97 /* HomePage.swift */,
			);
			path = Model;
			sourceTree = "<group>";
		};
/* End PBXGroup section */

/* Begin PBXNativeTarget section */
		C4AD3C28224097CB0095BC97 /* TuChong */ = {
			isa = PBXNativeTarget;
			buildConfigurationList = C4AD3C3B224097CB0095BC97 /* Build configuration list for PBXNativeTarget "TuChong" */;
			buildPhases = (
				67361F9908B6169A1FCF9F61 /* [CP] Check Pods Manifest.lock */,
				C4AD3C26224097CB0095BC97 /* Frameworks */,
				C4AD3C27224097CB0095BC97 /* Resources */,
				825C7678B036FB867F7CD682 /* [CP] Embed Pods Frameworks */,
				C4AD3C47224098F50095BC97 /* SwiftLint */,
				C41E0CDA224CB8D20032E12A /* R.swift */,
				C4AD3C25224097CB0095BC97 /* Sources */,
			);
			buildRules = (
			);
			dependencies = (
			);
			name = TuChong;
			productName = TuChong;
			productReference = C4AD3C29224097CB0095BC97 /* TuChong.app */;
			productType = "com.apple.product-type.application";
		};
/* End PBXNativeTarget section */

/* Begin PBXProject section */
		C4AD3C21224097CB0095BC97 /* Project object */ = {
			isa = PBXProject;
			attributes = {
				LastSwiftUpdateCheck = 1010;
				LastUpgradeCheck = 1010;
				ORGANIZATIONNAME = Summer;
				TargetAttributes = {
					C4AD3C28224097CB0095BC97 = {
						CreatedOnToolsVersion = 10.1;
					};
				};
			};
			buildConfigurationList = C4AD3C24224097CB0095BC97 /* Build configuration list for PBXProject "TuChong" */;
			compatibilityVersion = "Xcode 9.3";
			developmentRegion = en;
			hasScannedForEncodings = 0;
			knownRegions = (
				en,
				Base,
			);
			mainGroup = C4AD3C20224097CB0095BC97;
			productRefGroup = C4AD3C2A224097CB0095BC97 /* Products */;
			projectDirPath = "";
			projectRoot = "";
			targets = (
				C4AD3C28224097CB0095BC97 /* TuChong */,
			);
		};
/* End PBXProject section */

/* Begin PBXResourcesBuildPhase section */
		C4AD3C27224097CB0095BC97 /* Resources */ = {
			isa = PBXResourcesBuildPhase;
			buildActionMask = 2147483647;
			files = (
				C4AD3C37224097CB0095BC97 /* LaunchScreen.storyboard in Resources */,
				C4AC63D12241BEF400324C23 /* Reference in Resources */,
				C4AD3C492240993A0095BC97 /* SwiftLintRule in Resources */,
				C41E0CCA224CAFA90032E12A /* Localizable.strings in Resources */,
				C41E0CC7224CAED20032E12A /* Colors.json in Resources */,
				C4AD3C34224097CB0095BC97 /* Assets.xcassets in Resources */,
				C4AD3C4B2240AEFE0095BC97 /* API in Resources */,
				C41E0CD2224CB0700032E12A /* GenerateResource.sh in Resources */,
			);
			runOnlyForDeploymentPostprocessing = 0;
		};
/* End PBXResourcesBuildPhase section */

/* Begin PBXShellScriptBuildPhase section */
		67361F9908B6169A1FCF9F61 /* [CP] Check Pods Manifest.lock */ = {
			isa = PBXShellScriptBuildPhase;
			buildActionMask = 2147483647;
			files = (
			);
			inputPaths = (
				"${PODS_PODFILE_DIR_PATH}/Podfile.lock",
				"${PODS_ROOT}/Manifest.lock",
			);
			name = "[CP] Check Pods Manifest.lock";
			outputPaths = (
				"$(DERIVED_FILE_DIR)/Pods-TuChong-checkManifestLockResult.txt",
			);
			runOnlyForDeploymentPostprocessing = 0;
			shellPath = /bin/sh;
			shellScript = "diff \"${PODS_PODFILE_DIR_PATH}/Podfile.lock\" \"${PODS_ROOT}/Manifest.lock\" > /dev/null\nif [ $? != 0 ] ; then\n    # print error to STDERR\n    echo \"error: The sandbox is not in sync with the Podfile.lock. Run 'pod install' or update your CocoaPods installation.\" >&2\n    exit 1\nfi\n# This output is used by Xcode 'outputs' to avoid re-running this script phase.\necho \"SUCCESS\" > \"${SCRIPT_OUTPUT_FILE_0}\"\n";
			showEnvVarsInLog = 0;
		};
		825C7678B036FB867F7CD682 /* [CP] Embed Pods Frameworks */ = {
			isa = PBXShellScriptBuildPhase;
			buildActionMask = 2147483647;
			files = (
			);
			inputPaths = (
				"${SRCROOT}/Pods/Target Support Files/Pods-TuChong/Pods-TuChong-frameworks.sh",
				"${BUILT_PRODUCTS_DIR}/Alamofire/Alamofire.framework",
				"${BUILT_PRODUCTS_DIR}/ChameleonFramework/ChameleonFramework.framework",
				"${BUILT_PRODUCTS_DIR}/DeviceKit/DeviceKit.framework",
				"${BUILT_PRODUCTS_DIR}/HandyJSON/HandyJSON.framework",
				"${BUILT_PRODUCTS_DIR}/Moya/Moya.framework",
				"${BUILT_PRODUCTS_DIR}/PINCache/PINCache.framework",
				"${BUILT_PRODUCTS_DIR}/PINOperation/PINOperation.framework",
				"${BUILT_PRODUCTS_DIR}/PINRemoteImage/PINRemoteImage.framework",
				"${BUILT_PRODUCTS_DIR}/R.swift.Library/Rswift.framework",
				"${BUILT_PRODUCTS_DIR}/Result/Result.framework",
				"${BUILT_PRODUCTS_DIR}/RxAtomic/RxAtomic.framework",
				"${BUILT_PRODUCTS_DIR}/RxSwift/RxSwift.framework",
				"${BUILT_PRODUCTS_DIR}/SnapKit/SnapKit.framework",
				"${BUILT_PRODUCTS_DIR}/SwiftyJSON/SwiftyJSON.framework",
				"${BUILT_PRODUCTS_DIR}/Texture/AsyncDisplayKit.framework",
				"${BUILT_PRODUCTS_DIR}/YYCategories/YYCategories.framework",
			);
			name = "[CP] Embed Pods Frameworks";
			outputPaths = (
				"${TARGET_BUILD_DIR}/${FRAMEWORKS_FOLDER_PATH}/Alamofire.framework",
				"${TARGET_BUILD_DIR}/${FRAMEWORKS_FOLDER_PATH}/ChameleonFramework.framework",
				"${TARGET_BUILD_DIR}/${FRAMEWORKS_FOLDER_PATH}/DeviceKit.framework",
				"${TARGET_BUILD_DIR}/${FRAMEWORKS_FOLDER_PATH}/HandyJSON.framework",
				"${TARGET_BUILD_DIR}/${FRAMEWORKS_FOLDER_PATH}/Moya.framework",
				"${TARGET_BUILD_DIR}/${FRAMEWORKS_FOLDER_PATH}/PINCache.framework",
				"${TARGET_BUILD_DIR}/${FRAMEWORKS_FOLDER_PATH}/PINOperation.framework",
				"${TARGET_BUILD_DIR}/${FRAMEWORKS_FOLDER_PATH}/PINRemoteImage.framework",
				"${TARGET_BUILD_DIR}/${FRAMEWORKS_FOLDER_PATH}/Rswift.framework",
				"${TARGET_BUILD_DIR}/${FRAMEWORKS_FOLDER_PATH}/Result.framework",
				"${TARGET_BUILD_DIR}/${FRAMEWORKS_FOLDER_PATH}/RxAtomic.framework",
				"${TARGET_BUILD_DIR}/${FRAMEWORKS_FOLDER_PATH}/RxSwift.framework",
				"${TARGET_BUILD_DIR}/${FRAMEWORKS_FOLDER_PATH}/SnapKit.framework",
				"${TARGET_BUILD_DIR}/${FRAMEWORKS_FOLDER_PATH}/SwiftyJSON.framework",
				"${TARGET_BUILD_DIR}/${FRAMEWORKS_FOLDER_PATH}/AsyncDisplayKit.framework",
				"${TARGET_BUILD_DIR}/${FRAMEWORKS_FOLDER_PATH}/YYCategories.framework",
			);
			runOnlyForDeploymentPostprocessing = 0;
			shellPath = /bin/sh;
			shellScript = "\"${SRCROOT}/Pods/Target Support Files/Pods-TuChong/Pods-TuChong-frameworks.sh\"\n";
			showEnvVarsInLog = 0;
		};
		C41E0CDA224CB8D20032E12A /* R.swift */ = {
			isa = PBXShellScriptBuildPhase;
			buildActionMask = 2147483647;
			files = (
			);
			inputFileListPaths = (
			);
			inputPaths = (
				"$TEMP_DIR/rswift-lastrun",
			);
			name = R.swift;
			outputFileListPaths = (
			);
			outputPaths = (
				$SRCROOT/R.generated.swift,
			);
			runOnlyForDeploymentPostprocessing = 0;
			shellPath = /bin/sh;
			shellScript = "# Type a script or drag a script file from your workspace to insert its path.\n\"$PODS_ROOT/R.swift/rswift\" generate \"$SRCROOT/R.generated.swift\"\n";
		};
		C4AD3C47224098F50095BC97 /* SwiftLint */ = {
			isa = PBXShellScriptBuildPhase;
			buildActionMask = 2147483647;
			files = (
			);
			inputPaths = (
			);
			name = SwiftLint;
			outputPaths = (
			);
			runOnlyForDeploymentPostprocessing = 0;
			shellPath = /bin/sh;
			shellScript = "if which swiftlint >/dev/null; then\nswiftlint\nelse\necho \"warning: SwiftLint not installed, download from https://github.com/realm/SwiftLint\"\nfi\n\n";
		};
/* End PBXShellScriptBuildPhase section */

/* Begin PBXSourcesBuildPhase section */
		C4AD3C25224097CB0095BC97 /* Sources */ = {
			isa = PBXSourcesBuildPhase;
			buildActionMask = 2147483647;
			files = (
				C4AD3C2F224097CB0095BC97 /* HomepageViewController.swift in Sources */,
				C4F658A52249F0D700297EF4 /* HomeTagCellNode.swift in Sources */,
				C47BDC362249B26F001032DC /* LaunchViewController.swift in Sources */,
				53F43F99224509DD007027AD /* LaunchManager.swift in Sources */,
				C4AD3C46224098BE0095BC97 /* HomePage.swift in Sources */,
				C4F658812249C1C100297EF4 /* HomeTagCollectionNodeLayout.swift in Sources */,
				C41E0CDC224CBB900032E12A /* R.generated.swift in Sources */,
				C4AD3C45224098BE0095BC97 /* Service.swift in Sources */,
				C4B9825B2241EE8400F65C0E /* Macro.swift in Sources */,
				53679355224132DE00C93C76 /* AppDelegate+Extension.swift in Sources */,
				C4AC63D52241E53700324C23 /* ASDKNavigationBar.swift in Sources */,
				C4AC63D32241D3CE00324C23 /* Logger.swift in Sources */,
				C4AD3C40224098B40095BC97 /* Extension.swift in Sources */,
				C4AC63CF2241BBD100324C23 /* HomeContainerViewController.swift in Sources */,
				C4B9825D2242172900F65C0E /* HomeNavView.swift in Sources */,
				C4B15B7D2248BD7C00D3DE12 /* HomeTagViewController.swift in Sources */,
				C4AD3C2D224097CB0095BC97 /* AppDelegate.swift in Sources */,
				53173220224130F600B6C10B /* BaseContainerViewController.swift in Sources */,
				C41E0CC4224CA6260032E12A /* Color.swift in Sources */,
			);
			runOnlyForDeploymentPostprocessing = 0;
		};
/* End PBXSourcesBuildPhase section */

/* Begin PBXVariantGroup section */
		C41E0CCC224CAFA90032E12A /* Localizable.strings */ = {
			isa = PBXVariantGroup;
			children = (
				C41E0CCB224CAFA90032E12A /* en */,
			);
			name = Localizable.strings;
			sourceTree = "<group>";
		};
		C4AD3C35224097CB0095BC97 /* LaunchScreen.storyboard */ = {
			isa = PBXVariantGroup;
			children = (
				C4AD3C36224097CB0095BC97 /* Base */,
			);
			name = LaunchScreen.storyboard;
			sourceTree = "<group>";
		};
/* End PBXVariantGroup section */

/* Begin XCBuildConfiguration section */
		C4AD3C39224097CB0095BC97 /* Debug */ = {
			isa = XCBuildConfiguration;
			buildSettings = {
				ALWAYS_SEARCH_USER_PATHS = NO;
				CLANG_ANALYZER_NONNULL = YES;
				CLANG_ANALYZER_NUMBER_OBJECT_CONVERSION = YES_AGGRESSIVE;
				CLANG_CXX_LANGUAGE_STANDARD = "gnu++14";
				CLANG_CXX_LIBRARY = "libc++";
				CLANG_ENABLE_MODULES = YES;
				CLANG_ENABLE_OBJC_ARC = YES;
				CLANG_ENABLE_OBJC_WEAK = YES;
				CLANG_WARN_BLOCK_CAPTURE_AUTORELEASING = YES;
				CLANG_WARN_BOOL_CONVERSION = YES;
				CLANG_WARN_COMMA = YES;
				CLANG_WARN_CONSTANT_CONVERSION = YES;
				CLANG_WARN_DEPRECATED_OBJC_IMPLEMENTATIONS = YES;
				CLANG_WARN_DIRECT_OBJC_ISA_USAGE = YES_ERROR;
				CLANG_WARN_DOCUMENTATION_COMMENTS = YES;
				CLANG_WARN_EMPTY_BODY = YES;
				CLANG_WARN_ENUM_CONVERSION = YES;
				CLANG_WARN_INFINITE_RECURSION = YES;
				CLANG_WARN_INT_CONVERSION = YES;
				CLANG_WARN_NON_LITERAL_NULL_CONVERSION = YES;
				CLANG_WARN_OBJC_IMPLICIT_RETAIN_SELF = YES;
				CLANG_WARN_OBJC_LITERAL_CONVERSION = YES;
				CLANG_WARN_OBJC_ROOT_CLASS = YES_ERROR;
				CLANG_WARN_RANGE_LOOP_ANALYSIS = YES;
				CLANG_WARN_STRICT_PROTOTYPES = YES;
				CLANG_WARN_SUSPICIOUS_MOVE = YES;
				CLANG_WARN_UNGUARDED_AVAILABILITY = YES_AGGRESSIVE;
				CLANG_WARN_UNREACHABLE_CODE = YES;
				CLANG_WARN__DUPLICATE_METHOD_MATCH = YES;
				CODE_SIGN_IDENTITY = "iPhone Developer";
				COPY_PHASE_STRIP = NO;
				DEBUG_INFORMATION_FORMAT = dwarf;
				ENABLE_STRICT_OBJC_MSGSEND = YES;
				ENABLE_TESTABILITY = YES;
				GCC_C_LANGUAGE_STANDARD = gnu11;
				GCC_DYNAMIC_NO_PIC = NO;
				GCC_NO_COMMON_BLOCKS = YES;
				GCC_OPTIMIZATION_LEVEL = 0;
				GCC_PREPROCESSOR_DEFINITIONS = (
					"DEBUG=1",
					"$(inherited)",
				);
				GCC_WARN_64_TO_32_BIT_CONVERSION = YES;
				GCC_WARN_ABOUT_RETURN_TYPE = YES_ERROR;
				GCC_WARN_UNDECLARED_SELECTOR = YES;
				GCC_WARN_UNINITIALIZED_AUTOS = YES_AGGRESSIVE;
				GCC_WARN_UNUSED_FUNCTION = YES;
				GCC_WARN_UNUSED_VARIABLE = YES;
				IPHONEOS_DEPLOYMENT_TARGET = 12.1;
				MTL_ENABLE_DEBUG_INFO = INCLUDE_SOURCE;
				MTL_FAST_MATH = YES;
				ONLY_ACTIVE_ARCH = YES;
				SDKROOT = iphoneos;
				SWIFT_ACTIVE_COMPILATION_CONDITIONS = DEBUG;
				SWIFT_OPTIMIZATION_LEVEL = "-Onone";
			};
			name = Debug;
		};
		C4AD3C3A224097CB0095BC97 /* Release */ = {
			isa = XCBuildConfiguration;
			buildSettings = {
				ALWAYS_SEARCH_USER_PATHS = NO;
				CLANG_ANALYZER_NONNULL = YES;
				CLANG_ANALYZER_NUMBER_OBJECT_CONVERSION = YES_AGGRESSIVE;
				CLANG_CXX_LANGUAGE_STANDARD = "gnu++14";
				CLANG_CXX_LIBRARY = "libc++";
				CLANG_ENABLE_MODULES = YES;
				CLANG_ENABLE_OBJC_ARC = YES;
				CLANG_ENABLE_OBJC_WEAK = YES;
				CLANG_WARN_BLOCK_CAPTURE_AUTORELEASING = YES;
				CLANG_WARN_BOOL_CONVERSION = YES;
				CLANG_WARN_COMMA = YES;
				CLANG_WARN_CONSTANT_CONVERSION = YES;
				CLANG_WARN_DEPRECATED_OBJC_IMPLEMENTATIONS = YES;
				CLANG_WARN_DIRECT_OBJC_ISA_USAGE = YES_ERROR;
				CLANG_WARN_DOCUMENTATION_COMMENTS = YES;
				CLANG_WARN_EMPTY_BODY = YES;
				CLANG_WARN_ENUM_CONVERSION = YES;
				CLANG_WARN_INFINITE_RECURSION = YES;
				CLANG_WARN_INT_CONVERSION = YES;
				CLANG_WARN_NON_LITERAL_NULL_CONVERSION = YES;
				CLANG_WARN_OBJC_IMPLICIT_RETAIN_SELF = YES;
				CLANG_WARN_OBJC_LITERAL_CONVERSION = YES;
				CLANG_WARN_OBJC_ROOT_CLASS = YES_ERROR;
				CLANG_WARN_RANGE_LOOP_ANALYSIS = YES;
				CLANG_WARN_STRICT_PROTOTYPES = YES;
				CLANG_WARN_SUSPICIOUS_MOVE = YES;
				CLANG_WARN_UNGUARDED_AVAILABILITY = YES_AGGRESSIVE;
				CLANG_WARN_UNREACHABLE_CODE = YES;
				CLANG_WARN__DUPLICATE_METHOD_MATCH = YES;
				CODE_SIGN_IDENTITY = "iPhone Developer";
				COPY_PHASE_STRIP = NO;
				DEBUG_INFORMATION_FORMAT = "dwarf-with-dsym";
				ENABLE_NS_ASSERTIONS = NO;
				ENABLE_STRICT_OBJC_MSGSEND = YES;
				GCC_C_LANGUAGE_STANDARD = gnu11;
				GCC_NO_COMMON_BLOCKS = YES;
				GCC_WARN_64_TO_32_BIT_CONVERSION = YES;
				GCC_WARN_ABOUT_RETURN_TYPE = YES_ERROR;
				GCC_WARN_UNDECLARED_SELECTOR = YES;
				GCC_WARN_UNINITIALIZED_AUTOS = YES_AGGRESSIVE;
				GCC_WARN_UNUSED_FUNCTION = YES;
				GCC_WARN_UNUSED_VARIABLE = YES;
				IPHONEOS_DEPLOYMENT_TARGET = 12.1;
				MTL_ENABLE_DEBUG_INFO = NO;
				MTL_FAST_MATH = YES;
				SDKROOT = iphoneos;
				SWIFT_COMPILATION_MODE = wholemodule;
				SWIFT_OPTIMIZATION_LEVEL = "-O";
				VALIDATE_PRODUCT = YES;
			};
			name = Release;
		};
		C4AD3C3C224097CB0095BC97 /* Debug */ = {
			isa = XCBuildConfiguration;
			baseConfigurationReference = A9932FE1DB24369678F50635 /* Pods-TuChong.debug.xcconfig */;
			buildSettings = {
				ASSETCATALOG_COMPILER_APPICON_NAME = AppIcon;
				CODE_SIGN_STYLE = Automatic;
				DEVELOPMENT_TEAM = G6WGUJ4M73;
				INFOPLIST_FILE = TuChong/Info.plist;
				LD_RUNPATH_SEARCH_PATHS = (
					"$(inherited)",
					"@executable_path/Frameworks",
				);
				PRODUCT_BUNDLE_IDENTIFIER = Summer.TuChong;
				PRODUCT_NAME = "$(TARGET_NAME)";
				SWIFT_OBJC_BRIDGING_HEADER = "TuChong/App/TuChong-Bridging-Header.h";
				SWIFT_VERSION = 4.2;
				TARGETED_DEVICE_FAMILY = "1,2";
				USER_HEADER_SEARCH_PATHS = "$(SRCROOT)/**";
			};
			name = Debug;
		};
		C4AD3C3D224097CB0095BC97 /* Release */ = {
			isa = XCBuildConfiguration;
			baseConfigurationReference = 85E197914226118C536E28EC /* Pods-TuChong.release.xcconfig */;
			buildSettings = {
				ASSETCATALOG_COMPILER_APPICON_NAME = AppIcon;
				CODE_SIGN_STYLE = Automatic;
				DEVELOPMENT_TEAM = G6WGUJ4M73;
				INFOPLIST_FILE = TuChong/Info.plist;
				LD_RUNPATH_SEARCH_PATHS = (
					"$(inherited)",
					"@executable_path/Frameworks",
				);
				PRODUCT_BUNDLE_IDENTIFIER = Summer.TuChong;
				PRODUCT_NAME = "$(TARGET_NAME)";
				SWIFT_OBJC_BRIDGING_HEADER = "TuChong/App/TuChong-Bridging-Header.h";
				SWIFT_VERSION = 4.2;
				TARGETED_DEVICE_FAMILY = "1,2";
				USER_HEADER_SEARCH_PATHS = "$(SRCROOT)/**";
			};
			name = Release;
		};
/* End XCBuildConfiguration section */

/* Begin XCConfigurationList section */
		C4AD3C24224097CB0095BC97 /* Build configuration list for PBXProject "TuChong" */ = {
			isa = XCConfigurationList;
			buildConfigurations = (
				C4AD3C39224097CB0095BC97 /* Debug */,
				C4AD3C3A224097CB0095BC97 /* Release */,
			);
			defaultConfigurationIsVisible = 0;
			defaultConfigurationName = Release;
		};
		C4AD3C3B224097CB0095BC97 /* Build configuration list for PBXNativeTarget "TuChong" */ = {
			isa = XCConfigurationList;
			buildConfigurations = (
				C4AD3C3C224097CB0095BC97 /* Debug */,
				C4AD3C3D224097CB0095BC97 /* Release */,
			);
			defaultConfigurationIsVisible = 0;
			defaultConfigurationName = Release;
		};
/* End XCConfigurationList section */
	};
	rootObject = C4AD3C21224097CB0095BC97 /* Project object */;
}
