// !$*UTF8*$!
{
	archiveVersion = 1;
	classes = {
	};
	objectVersion = 50;
	objects = {

/* Begin PBXBuildFile section */
		0F3232510304A995F6B6037D /* Pods_TuChong.framework in Frameworks */ = {isa = PBXBuildFile; fileRef = 827E6D5469BAD6EADF9335D1 /* Pods_TuChong.framework */; };
		5304106E2268A5DC00EB1AE5 /* RecommendVideoPlayerController.swift in Sources */ = {isa = PBXBuildFile; fileRef = 5304106D2268A5DC00EB1AE5 /* RecommendVideoPlayerController.swift */; };
		530410722268A64100EB1AE5 /* HomePageModel.swift in Sources */ = {isa = PBXBuildFile; fileRef = 530410702268A64000EB1AE5 /* HomePageModel.swift */; };
		530410732268A64100EB1AE5 /* RecommendModel.swift in Sources */ = {isa = PBXBuildFile; fileRef = 530410712268A64100EB1AE5 /* RecommendModel.swift */; };
		53173220224130F600B6C10B /* BaseContainerViewController.swift in Sources */ = {isa = PBXBuildFile; fileRef = 5317321F224130F600B6C10B /* BaseContainerViewController.swift */; };
		53295BCE2275EBE90019554D /* RecommendPhotographerModel.swift in Sources */ = {isa = PBXBuildFile; fileRef = 53295BCD2275EBE80019554D /* RecommendPhotographerModel.swift */; };
		53463CFA22899E1100F6E581 /* ProfileEventsHeaderView.swift in Sources */ = {isa = PBXBuildFile; fileRef = 53463CF922899E1100F6E581 /* ProfileEventsHeaderView.swift */; };
		53463CFC2289A2D000F6E581 /* ProfileEventsCellNode.swift in Sources */ = {isa = PBXBuildFile; fileRef = 53463CFB2289A2D000F6E581 /* ProfileEventsCellNode.swift */; };
		5351010D2275DC2B0008B7AE /* RecommendPhotographerViewController.swift in Sources */ = {isa = PBXBuildFile; fileRef = 5351010C2275DC2B0008B7AE /* RecommendPhotographerViewController.swift */; };
		5351BA6F228999300056677E /* ProfileEventsModel.swift in Sources */ = {isa = PBXBuildFile; fileRef = 5351BA6E228999300056677E /* ProfileEventsModel.swift */; };
		5358B10C226F5451006229CB /* TutorialDetailModel.swift in Sources */ = {isa = PBXBuildFile; fileRef = 5358B10B226F5451006229CB /* TutorialDetailModel.swift */; };
		5358B10E226F5C55006229CB /* TutorialDetailProfileCell.swift in Sources */ = {isa = PBXBuildFile; fileRef = 5358B10D226F5C55006229CB /* TutorialDetailProfileCell.swift */; };
		535BC19D2268B4B00095B6C6 /* VideoNavNode.swift in Sources */ = {isa = PBXBuildFile; fileRef = 535BC19C2268B4B00095B6C6 /* VideoNavNode.swift */; };
		53679355224132DE00C93C76 /* AppDelegate+Extension.swift in Sources */ = {isa = PBXBuildFile; fileRef = 53679354224132DE00C93C76 /* AppDelegate+Extension.swift */; };
		53A00EFD2275EF02008916CE /* RecommendPhotographerCell.swift in Sources */ = {isa = PBXBuildFile; fileRef = 53A00EFC2275EF02008916CE /* RecommendPhotographerCell.swift */; };
		53ADCC93228DA587006CFA43 /* FeedsViewController.swift in Sources */ = {isa = PBXBuildFile; fileRef = 53ADCC92228DA587006CFA43 /* FeedsViewController.swift */; };
		53ADF3AE228C47B5000A941D /* ProfileCollectionCell.swift in Sources */ = {isa = PBXBuildFile; fileRef = 53ADF3AD228C47B5000A941D /* ProfileCollectionCell.swift */; };
		53AF479A2270958200C96A96 /* TutorialDetailWebViewCell.swift in Sources */ = {isa = PBXBuildFile; fileRef = 53AF47992270958200C96A96 /* TutorialDetailWebViewCell.swift */; };
		53CC8C66226DF5D1007EE8D3 /* LoadingNode.swift in Sources */ = {isa = PBXBuildFile; fileRef = 53CC8C65226DF5D1007EE8D3 /* LoadingNode.swift */; };
		53D1F5B52268A7340046F0FE /* RecommendBaseViewController.swift in Sources */ = {isa = PBXBuildFile; fileRef = 53D1F5B42268A7340046F0FE /* RecommendBaseViewController.swift */; };
		53D7A77C2281B83C0008D6A6 /* ProfileNavBar.swift in Sources */ = {isa = PBXBuildFile; fileRef = 53D7A77B2281B83C0008D6A6 /* ProfileNavBar.swift */; };
		53DD615B227F128500FA969E /* ProfileViewController.swift in Sources */ = {isa = PBXBuildFile; fileRef = 53DD615A227F128500FA969E /* ProfileViewController.swift */; };
		53E29036228C407F008A0242 /* ProfileFeedListModel.swift in Sources */ = {isa = PBXBuildFile; fileRef = 53E29035228C407F008A0242 /* ProfileFeedListModel.swift */; };
		53EF8E83228065BD00347ECA /* ProfileCoverNode.swift in Sources */ = {isa = PBXBuildFile; fileRef = 53EF8E82228065BD00347ECA /* ProfileCoverNode.swift */; };
		53F43F99224509DD007027AD /* LaunchManager.swift in Sources */ = {isa = PBXBuildFile; fileRef = 53F43F98224509DD007027AD /* LaunchManager.swift */; };
		C402B23C22694C6D007746EB /* NavItemButton.swift in Sources */ = {isa = PBXBuildFile; fileRef = C402B23B22694C6D007746EB /* NavItemButton.swift */; };
		C402B23E22696D64007746EB /* RecommendWallpaperViewController.swift in Sources */ = {isa = PBXBuildFile; fileRef = C402B23D22696D64007746EB /* RecommendWallpaperViewController.swift */; };
		C402B2402269755F007746EB /* WallpaperNavNode.swift in Sources */ = {isa = PBXBuildFile; fileRef = C402B23F2269755F007746EB /* WallpaperNavNode.swift */; };
		C402B24322699AE5007746EB /* CategoryFlowLayout.swift in Sources */ = {isa = PBXBuildFile; fileRef = C402B24222699AE5007746EB /* CategoryFlowLayout.swift */; };
		C402B24522699B3A007746EB /* WallpaperLayout.swift in Sources */ = {isa = PBXBuildFile; fileRef = C402B24422699B3A007746EB /* WallpaperLayout.swift */; };
		C402B24722699C95007746EB /* RecommendWallpaperCell.swift in Sources */ = {isa = PBXBuildFile; fileRef = C402B24622699C95007746EB /* RecommendWallpaperCell.swift */; };
		C404365E2285516A00EE1742 /* ProfileEventsTableNode.swift in Sources */ = {isa = PBXBuildFile; fileRef = C404365D2285516A00EE1742 /* ProfileEventsTableNode.swift */; };
		C4043660228551AB00EE1742 /* ProfileCollectionNode.swift in Sources */ = {isa = PBXBuildFile; fileRef = C404365F228551AB00EE1742 /* ProfileCollectionNode.swift */; };
		C40F35EC228E614F00A8638B /* HomeCircleTopBar.swift in Sources */ = {isa = PBXBuildFile; fileRef = C40F35EB228E614F00A8638B /* HomeCircleTopBar.swift */; };
		C40F35EE228E857B00A8638B /* HomeCircleContainer.swift in Sources */ = {isa = PBXBuildFile; fileRef = C40F35ED228E857B00A8638B /* HomeCircleContainer.swift */; };
		C40F35F0228E87B000A8638B /* HomeCircleRecommendCell.swift in Sources */ = {isa = PBXBuildFile; fileRef = C40F35EF228E87B000A8638B /* HomeCircleRecommendCell.swift */; };
		C40F35F2228E87C000A8638B /* HomeCircleRecommendTableNode.swift in Sources */ = {isa = PBXBuildFile; fileRef = C40F35F1228E87C000A8638B /* HomeCircleRecommendTableNode.swift */; };
		C40F35F4228E87D300A8638B /* HomeCircleFocusTableNode.swift in Sources */ = {isa = PBXBuildFile; fileRef = C40F35F3228E87D300A8638B /* HomeCircleFocusTableNode.swift */; };
		C40F35F6228E87E400A8638B /* HomeCircleFocusTableCell.swift in Sources */ = {isa = PBXBuildFile; fileRef = C40F35F5228E87E400A8638B /* HomeCircleFocusTableCell.swift */; };
		C40F35F8228E931F00A8638B /* HomeCircleModel.swift in Sources */ = {isa = PBXBuildFile; fileRef = C40F35F7228E931F00A8638B /* HomeCircleModel.swift */; };
		C41375F3228D6063003D4EF5 /* HomeTopBar.swift in Sources */ = {isa = PBXBuildFile; fileRef = C41375F2228D6063003D4EF5 /* HomeTopBar.swift */; };
		C41375F6228D608F003D4EF5 /* HomeCircleController.swift in Sources */ = {isa = PBXBuildFile; fileRef = C41375F5228D608F003D4EF5 /* HomeCircleController.swift */; };
		C41A32C422601E09009AF4CF /* RecommendCellNode.swift in Sources */ = {isa = PBXBuildFile; fileRef = C41A32C322601E09009AF4CF /* RecommendCellNode.swift */; };
		C41E0CC4224CA6260032E12A /* Color.swift in Sources */ = {isa = PBXBuildFile; fileRef = C41E0CC3224CA6260032E12A /* Color.swift */; };
		C41E0CD2224CB0700032E12A /* GenerateResource.sh in Resources */ = {isa = PBXBuildFile; fileRef = C41E0CD1224CB0700032E12A /* GenerateResource.sh */; };
		C41E0CDC224CBB900032E12A /* R.generated.swift in Sources */ = {isa = PBXBuildFile; fileRef = C41E0CDB224CBB900032E12A /* R.generated.swift */; };
		C41E0CE2224CC0D40032E12A /* Localizable.strings in Resources */ = {isa = PBXBuildFile; fileRef = C41E0CE4224CC0D40032E12A /* Localizable.strings */; };
		C421367F228545030081B532 /* ProfileDetailScrollView.swift in Sources */ = {isa = PBXBuildFile; fileRef = C421367E228545030081B532 /* ProfileDetailScrollView.swift */; };
		C422D97C228278D5002530F6 /* ProfileScrollView.swift in Sources */ = {isa = PBXBuildFile; fileRef = C422D97B228278D5002530F6 /* ProfileScrollView.swift */; };
		C43433CA2275362400255883 /* UserCommentCell.swift in Sources */ = {isa = PBXBuildFile; fileRef = C43433C92275362400255883 /* UserCommentCell.swift */; };
		C437F354226EA2D80017445F /* RecommendTutorialCell.swift in Sources */ = {isa = PBXBuildFile; fileRef = C437F353226EA2D80017445F /* RecommendTutorialCell.swift */; };
		C437F357226EE6FB0017445F /* TutorialDetailViewController.swift in Sources */ = {isa = PBXBuildFile; fileRef = C437F356226EE6FB0017445F /* TutorialDetailViewController.swift */; };
		C43AEA09225442BC00C2CFE7 /* SearchBar.swift in Sources */ = {isa = PBXBuildFile; fileRef = C43AEA08225442BC00C2CFE7 /* SearchBar.swift */; };
		C43AEA0B225482D200C2CFE7 /* SearchTableNode.swift in Sources */ = {isa = PBXBuildFile; fileRef = C43AEA0A225482D200C2CFE7 /* SearchTableNode.swift */; };
		C43B47982271A02100D2B970 /* TutoriaDetailInfoCell.swift in Sources */ = {isa = PBXBuildFile; fileRef = C43B47972271A02100D2B970 /* TutoriaDetailInfoCell.swift */; };
		C43B479A2271A32500D2B970 /* TutorialDetailInfoTagBtnNode.swift in Sources */ = {isa = PBXBuildFile; fileRef = C43B47992271A32500D2B970 /* TutorialDetailInfoTagBtnNode.swift */; };
		C43B9A52225C2FFA00C15872 /* TabBar.swift in Sources */ = {isa = PBXBuildFile; fileRef = C43B9A51225C2FFA00C15872 /* TabBar.swift */; };
		C43B9A56225C617100C15872 /* UserViewController.swift in Sources */ = {isa = PBXBuildFile; fileRef = C43B9A55225C617100C15872 /* UserViewController.swift */; };
		C43B9A58225C61E100C15872 /* PhotoFilmViewController.swift in Sources */ = {isa = PBXBuildFile; fileRef = C43B9A57225C61E100C15872 /* PhotoFilmViewController.swift */; };
		C43B9A5B225C62D600C15872 /* AlbumViewController.swift in Sources */ = {isa = PBXBuildFile; fileRef = C43B9A5A225C62D600C15872 /* AlbumViewController.swift */; };
		C45496E22270434000D14FD8 /* WebView.swift in Sources */ = {isa = PBXBuildFile; fileRef = C45496E12270434000D14FD8 /* WebView.swift */; };
		C462BFFC225EE64700AB91F1 /* HomeSubViewController.swift in Sources */ = {isa = PBXBuildFile; fileRef = C462BFFB225EE64700AB91F1 /* HomeSubViewController.swift */; };
		C462BFFE225F134300AB91F1 /* HomeContainerViewController+UIPageViewController.swift in Sources */ = {isa = PBXBuildFile; fileRef = C462BFFD225F134300AB91F1 /* HomeContainerViewController+UIPageViewController.swift */; };
		C462C001225F35AE00AB91F1 /* RecommendViewController.swift in Sources */ = {isa = PBXBuildFile; fileRef = C462C000225F35AE00AB91F1 /* RecommendViewController.swift */; };
		C462C003225F39C700AB91F1 /* CategoryViewController.swift in Sources */ = {isa = PBXBuildFile; fileRef = C462C002225F39C700AB91F1 /* CategoryViewController.swift */; };
		C4650C3022840F0600215D85 /* ProfileDetailTopItemView.swift in Sources */ = {isa = PBXBuildFile; fileRef = C4650C2F22840F0600215D85 /* ProfileDetailTopItemView.swift */; };
		C479F2862272DF41002C7D53 /* TutorialDetailHeadView.swift in Sources */ = {isa = PBXBuildFile; fileRef = C479F2852272DF41002C7D53 /* TutorialDetailHeadView.swift */; };
		C47BDC362249B26F001032DC /* LaunchViewController.swift in Sources */ = {isa = PBXBuildFile; fileRef = C47BDC352249B26F001032DC /* LaunchViewController.swift */; };
		C4827C382266B828009E94C5 /* FollowViewController.swift in Sources */ = {isa = PBXBuildFile; fileRef = C4827C372266B828009E94C5 /* FollowViewController.swift */; };
		C4827C3A2266BC1D009E94C5 /* UserManager.swift in Sources */ = {isa = PBXBuildFile; fileRef = C4827C392266BC1D009E94C5 /* UserManager.swift */; };
		C4827C3F2266BD60009E94C5 /* FollowViewUserLoginNode.swift in Sources */ = {isa = PBXBuildFile; fileRef = C4827C3E2266BD60009E94C5 /* FollowViewUserLoginNode.swift */; };
		C4893B602268127E00B2AE01 /* RecommendCategoryCellNode.swift in Sources */ = {isa = PBXBuildFile; fileRef = C4893B5F2268127E00B2AE01 /* RecommendCategoryCellNode.swift */; };
		C49B2A9D22924D48006CECA8 /* PageControlView.swift in Sources */ = {isa = PBXBuildFile; fileRef = C49B2A9C22924D48006CECA8 /* PageControlView.swift */; };
		C4A502492266F49C00867EBE /* RecommendBaseCellNode.swift in Sources */ = {isa = PBXBuildFile; fileRef = C4A502482266F49C00867EBE /* RecommendBaseCellNode.swift */; };
		C4A5024B2267035700867EBE /* RecommedTopicCollectionCellNode.swift in Sources */ = {isa = PBXBuildFile; fileRef = C4A5024A2267035700867EBE /* RecommedTopicCollectionCellNode.swift */; };
		C4AC63CF2241BBD100324C23 /* HomeContainerViewController.swift in Sources */ = {isa = PBXBuildFile; fileRef = C4AC63CE2241BBD100324C23 /* HomeContainerViewController.swift */; };
		C4AC63D12241BEF400324C23 /* Reference in Resources */ = {isa = PBXBuildFile; fileRef = C4AC63D02241BEF400324C23 /* Reference */; };
		C4AC63D32241D3CE00324C23 /* Logger.swift in Sources */ = {isa = PBXBuildFile; fileRef = C4AC63D22241D3CE00324C23 /* Logger.swift */; };
		C4AC63D52241E53700324C23 /* ASDKNavigationBar.swift in Sources */ = {isa = PBXBuildFile; fileRef = C4AC63D42241E53700324C23 /* ASDKNavigationBar.swift */; };
		C4AD3C2D224097CB0095BC97 /* AppDelegate.swift in Sources */ = {isa = PBXBuildFile; fileRef = C4AD3C2C224097CB0095BC97 /* AppDelegate.swift */; };
		C4AD3C34224097CB0095BC97 /* Assets.xcassets in Resources */ = {isa = PBXBuildFile; fileRef = C4AD3C33224097CB0095BC97 /* Assets.xcassets */; };
		C4AD3C37224097CB0095BC97 /* LaunchScreen.storyboard in Resources */ = {isa = PBXBuildFile; fileRef = C4AD3C35224097CB0095BC97 /* LaunchScreen.storyboard */; };
		C4AD3C40224098B40095BC97 /* Extension.swift in Sources */ = {isa = PBXBuildFile; fileRef = C4AD3C3F224098B40095BC97 /* Extension.swift */; };
		C4AD3C45224098BE0095BC97 /* Service.swift in Sources */ = {isa = PBXBuildFile; fileRef = C4AD3C42224098BD0095BC97 /* Service.swift */; };
		C4AD3C492240993A0095BC97 /* SwiftLintRule in Resources */ = {isa = PBXBuildFile; fileRef = C4AD3C482240993A0095BC97 /* SwiftLintRule */; };
		C4AD3C4B2240AEFE0095BC97 /* API in Resources */ = {isa = PBXBuildFile; fileRef = C4AD3C4A2240AEFE0095BC97 /* API */; };
		C4B15B7D2248BD7C00D3DE12 /* HomeTagViewController.swift in Sources */ = {isa = PBXBuildFile; fileRef = C4B15B7C2248BD7C00D3DE12 /* HomeTagViewController.swift */; };
		C4B2714B2280070800EA9131 /* ProfileCoverCollectionNodeCell.swift in Sources */ = {isa = PBXBuildFile; fileRef = C4B2714A2280070800EA9131 /* ProfileCoverCollectionNodeCell.swift */; };
		C4B9825B2241EE8400F65C0E /* Macro.swift in Sources */ = {isa = PBXBuildFile; fileRef = C4B9825A2241EE8400F65C0E /* Macro.swift */; };
		C4B9825D2242172900F65C0E /* HomeNavNode.swift in Sources */ = {isa = PBXBuildFile; fileRef = C4B9825C2242172900F65C0E /* HomeNavNode.swift */; };
		C4C8F465226DA250000D1231 /* RecommendTutorialViewController.swift in Sources */ = {isa = PBXBuildFile; fileRef = C4C8F464226DA250000D1231 /* RecommendTutorialViewController.swift */; };
		C4C8F467226DB07E000D1231 /* TutorialNavNode.swift in Sources */ = {isa = PBXBuildFile; fileRef = C4C8F466226DB07E000D1231 /* TutorialNavNode.swift */; };
		C4C8F469226DB170000D1231 /* TutorialModel.swift in Sources */ = {isa = PBXBuildFile; fileRef = C4C8F468226DB170000D1231 /* TutorialModel.swift */; };
		C4C8FD342281716600BE55CF /* CoverShadowView.swift in Sources */ = {isa = PBXBuildFile; fileRef = C4C8FD332281716600BE55CF /* CoverShadowView.swift */; };
		C4CBE21C2255A9260074F58A /* SearchModel.swift in Sources */ = {isa = PBXBuildFile; fileRef = C4CBE21B2255A9260074F58A /* SearchModel.swift */; };
		C4CBE21E2255F3E10074F58A /* SearchCellNode.swift in Sources */ = {isa = PBXBuildFile; fileRef = C4CBE21D2255F3E10074F58A /* SearchCellNode.swift */; };
		C4D91A092281139A00D7D197 /* CoverIndicatorView.swift in Sources */ = {isa = PBXBuildFile; fileRef = C4D91A082281139A00D7D197 /* CoverIndicatorView.swift */; };
		C4DA8455227EB926007879EB /* LectureViewController.swift in Sources */ = {isa = PBXBuildFile; fileRef = C4DA8454227EB926007879EB /* LectureViewController.swift */; };
		C4DA8457227EBC69007879EB /* LectureModel.swift in Sources */ = {isa = PBXBuildFile; fileRef = C4DA8456227EBC69007879EB /* LectureModel.swift */; };
		C4DA845A227EC9F1007879EB /* PhotographyGroupViewController.swift in Sources */ = {isa = PBXBuildFile; fileRef = C4DA8459227EC9F1007879EB /* PhotographyGroupViewController.swift */; };
		C4DA845C227ED0F2007879EB /* PhotographyGroupModel.swift in Sources */ = {isa = PBXBuildFile; fileRef = C4DA845B227ED0F2007879EB /* PhotographyGroupModel.swift */; };
		C4DA845E227ED683007879EB /* PhotographyGroupCell.swift in Sources */ = {isa = PBXBuildFile; fileRef = C4DA845D227ED683007879EB /* PhotographyGroupCell.swift */; };
		C4DC5C19225DDEDE00985CE3 /* ScrollView.swift in Sources */ = {isa = PBXBuildFile; fileRef = C4DC5C18225DDEDE00985CE3 /* ScrollView.swift */; };
		C4E57B3D224DB46100F9D511 /* ActivityViewController.swift in Sources */ = {isa = PBXBuildFile; fileRef = C4E57B3C224DB46100F9D511 /* ActivityViewController.swift */; };
		C4E57B3F224DBB5E00F9D511 /* ActivityModel.swift in Sources */ = {isa = PBXBuildFile; fileRef = C4E57B3E224DBB5E00F9D511 /* ActivityModel.swift */; };
		C4E57B41224DC4DA00F9D511 /* ActivityTableNode.swift in Sources */ = {isa = PBXBuildFile; fileRef = C4E57B40224DC4DA00F9D511 /* ActivityTableNode.swift */; };
		C4EB9FEF2266F074008747C7 /* RecommendTopicCellNode.swift in Sources */ = {isa = PBXBuildFile; fileRef = C4EB9FEE2266F074008747C7 /* RecommendTopicCellNode.swift */; };
		C4F3A5FD227FD6D6006614D1 /* ProfileModel.swift in Sources */ = {isa = PBXBuildFile; fileRef = C4F3A5FC227FD6D6006614D1 /* ProfileModel.swift */; };
		C4F3A5FF227FE3AA006614D1 /* ProfileCoverCollectionNode.swift in Sources */ = {isa = PBXBuildFile; fileRef = C4F3A5FE227FE3AA006614D1 /* ProfileCoverCollectionNode.swift */; };
		C4F658812249C1C100297EF4 /* HomeTagCollectionNodeLayout.swift in Sources */ = {isa = PBXBuildFile; fileRef = C4F658802249C1C100297EF4 /* HomeTagCollectionNodeLayout.swift */; };
		C4F658A52249F0D700297EF4 /* HomeTagCellNode.swift in Sources */ = {isa = PBXBuildFile; fileRef = C4F658A42249F0D700297EF4 /* HomeTagCellNode.swift */; };
/* End PBXBuildFile section */

/* Begin PBXFileReference section */
		5304106D2268A5DC00EB1AE5 /* RecommendVideoPlayerController.swift */ = {isa = PBXFileReference; fileEncoding = 4; lastKnownFileType = sourcecode.swift; path = RecommendVideoPlayerController.swift; sourceTree = "<group>"; };
		530410702268A64000EB1AE5 /* HomePageModel.swift */ = {isa = PBXFileReference; fileEncoding = 4; lastKnownFileType = sourcecode.swift; path = HomePageModel.swift; sourceTree = "<group>"; };
		530410712268A64100EB1AE5 /* RecommendModel.swift */ = {isa = PBXFileReference; fileEncoding = 4; lastKnownFileType = sourcecode.swift; path = RecommendModel.swift; sourceTree = "<group>"; };
		5317321F224130F600B6C10B /* BaseContainerViewController.swift */ = {isa = PBXFileReference; lastKnownFileType = sourcecode.swift; path = BaseContainerViewController.swift; sourceTree = "<group>"; };
		53295BCD2275EBE80019554D /* RecommendPhotographerModel.swift */ = {isa = PBXFileReference; fileEncoding = 4; lastKnownFileType = sourcecode.swift; path = RecommendPhotographerModel.swift; sourceTree = "<group>"; };
		53463CF922899E1100F6E581 /* ProfileEventsHeaderView.swift */ = {isa = PBXFileReference; fileEncoding = 4; lastKnownFileType = sourcecode.swift; path = ProfileEventsHeaderView.swift; sourceTree = "<group>"; };
		53463CFB2289A2D000F6E581 /* ProfileEventsCellNode.swift */ = {isa = PBXFileReference; fileEncoding = 4; lastKnownFileType = sourcecode.swift; path = ProfileEventsCellNode.swift; sourceTree = "<group>"; };
		5351010C2275DC2B0008B7AE /* RecommendPhotographerViewController.swift */ = {isa = PBXFileReference; fileEncoding = 4; lastKnownFileType = sourcecode.swift; path = RecommendPhotographerViewController.swift; sourceTree = "<group>"; };
		5351BA6E228999300056677E /* ProfileEventsModel.swift */ = {isa = PBXFileReference; fileEncoding = 4; lastKnownFileType = sourcecode.swift; path = ProfileEventsModel.swift; sourceTree = "<group>"; };
		5358B10B226F5451006229CB /* TutorialDetailModel.swift */ = {isa = PBXFileReference; fileEncoding = 4; lastKnownFileType = sourcecode.swift; path = TutorialDetailModel.swift; sourceTree = "<group>"; };
		5358B10D226F5C55006229CB /* TutorialDetailProfileCell.swift */ = {isa = PBXFileReference; lastKnownFileType = sourcecode.swift; path = TutorialDetailProfileCell.swift; sourceTree = "<group>"; };
		535BC19C2268B4B00095B6C6 /* VideoNavNode.swift */ = {isa = PBXFileReference; fileEncoding = 4; lastKnownFileType = sourcecode.swift; path = VideoNavNode.swift; sourceTree = "<group>"; };
		53679354224132DE00C93C76 /* AppDelegate+Extension.swift */ = {isa = PBXFileReference; fileEncoding = 4; lastKnownFileType = sourcecode.swift; path = "AppDelegate+Extension.swift"; sourceTree = "<group>"; };
		53A00EFC2275EF02008916CE /* RecommendPhotographerCell.swift */ = {isa = PBXFileReference; fileEncoding = 4; lastKnownFileType = sourcecode.swift; path = RecommendPhotographerCell.swift; sourceTree = "<group>"; };
		53ADCC92228DA587006CFA43 /* FeedsViewController.swift */ = {isa = PBXFileReference; fileEncoding = 4; lastKnownFileType = sourcecode.swift; path = FeedsViewController.swift; sourceTree = "<group>"; };
		53ADF3AD228C47B5000A941D /* ProfileCollectionCell.swift */ = {isa = PBXFileReference; fileEncoding = 4; lastKnownFileType = sourcecode.swift; path = ProfileCollectionCell.swift; sourceTree = "<group>"; };
		53AF47992270958200C96A96 /* TutorialDetailWebViewCell.swift */ = {isa = PBXFileReference; fileEncoding = 4; lastKnownFileType = sourcecode.swift; path = TutorialDetailWebViewCell.swift; sourceTree = "<group>"; };
		53CC8C65226DF5D1007EE8D3 /* LoadingNode.swift */ = {isa = PBXFileReference; lastKnownFileType = sourcecode.swift; path = LoadingNode.swift; sourceTree = "<group>"; };
		53D1F5B42268A7340046F0FE /* RecommendBaseViewController.swift */ = {isa = PBXFileReference; fileEncoding = 4; lastKnownFileType = sourcecode.swift; path = RecommendBaseViewController.swift; sourceTree = "<group>"; };
		53D7A77B2281B83C0008D6A6 /* ProfileNavBar.swift */ = {isa = PBXFileReference; lastKnownFileType = sourcecode.swift; path = ProfileNavBar.swift; sourceTree = "<group>"; };
		53DD615A227F128500FA969E /* ProfileViewController.swift */ = {isa = PBXFileReference; fileEncoding = 4; lastKnownFileType = sourcecode.swift; path = ProfileViewController.swift; sourceTree = "<group>"; };
		53E29035228C407F008A0242 /* ProfileFeedListModel.swift */ = {isa = PBXFileReference; fileEncoding = 4; lastKnownFileType = sourcecode.swift; path = ProfileFeedListModel.swift; sourceTree = "<group>"; };
		53EF8E82228065BD00347ECA /* ProfileCoverNode.swift */ = {isa = PBXFileReference; fileEncoding = 4; lastKnownFileType = sourcecode.swift; path = ProfileCoverNode.swift; sourceTree = "<group>"; };
		53F43F98224509DD007027AD /* LaunchManager.swift */ = {isa = PBXFileReference; fileEncoding = 4; lastKnownFileType = sourcecode.swift; path = LaunchManager.swift; sourceTree = "<group>"; };
		827E6D5469BAD6EADF9335D1 /* Pods_TuChong.framework */ = {isa = PBXFileReference; explicitFileType = wrapper.framework; includeInIndex = 0; path = Pods_TuChong.framework; sourceTree = BUILT_PRODUCTS_DIR; };
		85E197914226118C536E28EC /* Pods-TuChong.release.xcconfig */ = {isa = PBXFileReference; includeInIndex = 1; lastKnownFileType = text.xcconfig; name = "Pods-TuChong.release.xcconfig"; path = "Pods/Target Support Files/Pods-TuChong/Pods-TuChong.release.xcconfig"; sourceTree = "<group>"; };
		A9932FE1DB24369678F50635 /* Pods-TuChong.debug.xcconfig */ = {isa = PBXFileReference; includeInIndex = 1; lastKnownFileType = text.xcconfig; name = "Pods-TuChong.debug.xcconfig"; path = "Pods/Target Support Files/Pods-TuChong/Pods-TuChong.debug.xcconfig"; sourceTree = "<group>"; };
		C402B23B22694C6D007746EB /* NavItemButton.swift */ = {isa = PBXFileReference; lastKnownFileType = sourcecode.swift; path = NavItemButton.swift; sourceTree = "<group>"; };
		C402B23D22696D64007746EB /* RecommendWallpaperViewController.swift */ = {isa = PBXFileReference; lastKnownFileType = sourcecode.swift; path = RecommendWallpaperViewController.swift; sourceTree = "<group>"; };
		C402B23F2269755F007746EB /* WallpaperNavNode.swift */ = {isa = PBXFileReference; lastKnownFileType = sourcecode.swift; path = WallpaperNavNode.swift; sourceTree = "<group>"; };
		C402B24222699AE5007746EB /* CategoryFlowLayout.swift */ = {isa = PBXFileReference; fileEncoding = 4; lastKnownFileType = sourcecode.swift; path = CategoryFlowLayout.swift; sourceTree = "<group>"; };
		C402B24422699B3A007746EB /* WallpaperLayout.swift */ = {isa = PBXFileReference; lastKnownFileType = sourcecode.swift; path = WallpaperLayout.swift; sourceTree = "<group>"; };
		C402B24622699C95007746EB /* RecommendWallpaperCell.swift */ = {isa = PBXFileReference; lastKnownFileType = sourcecode.swift; path = RecommendWallpaperCell.swift; sourceTree = "<group>"; };
		C404365D2285516A00EE1742 /* ProfileEventsTableNode.swift */ = {isa = PBXFileReference; lastKnownFileType = sourcecode.swift; path = ProfileEventsTableNode.swift; sourceTree = "<group>"; };
		C404365F228551AB00EE1742 /* ProfileCollectionNode.swift */ = {isa = PBXFileReference; lastKnownFileType = sourcecode.swift; path = ProfileCollectionNode.swift; sourceTree = "<group>"; };
		C40F35EB228E614F00A8638B /* HomeCircleTopBar.swift */ = {isa = PBXFileReference; lastKnownFileType = sourcecode.swift; path = HomeCircleTopBar.swift; sourceTree = "<group>"; };
		C40F35ED228E857B00A8638B /* HomeCircleContainer.swift */ = {isa = PBXFileReference; lastKnownFileType = sourcecode.swift; path = HomeCircleContainer.swift; sourceTree = "<group>"; };
		C40F35EF228E87B000A8638B /* HomeCircleRecommendCell.swift */ = {isa = PBXFileReference; lastKnownFileType = sourcecode.swift; path = HomeCircleRecommendCell.swift; sourceTree = "<group>"; };
		C40F35F1228E87C000A8638B /* HomeCircleRecommendTableNode.swift */ = {isa = PBXFileReference; lastKnownFileType = sourcecode.swift; path = HomeCircleRecommendTableNode.swift; sourceTree = "<group>"; };
		C40F35F3228E87D300A8638B /* HomeCircleFocusTableNode.swift */ = {isa = PBXFileReference; lastKnownFileType = sourcecode.swift; path = HomeCircleFocusTableNode.swift; sourceTree = "<group>"; };
		C40F35F5228E87E400A8638B /* HomeCircleFocusTableCell.swift */ = {isa = PBXFileReference; lastKnownFileType = sourcecode.swift; path = HomeCircleFocusTableCell.swift; sourceTree = "<group>"; };
		C40F35F7228E931F00A8638B /* HomeCircleModel.swift */ = {isa = PBXFileReference; lastKnownFileType = sourcecode.swift; path = HomeCircleModel.swift; sourceTree = "<group>"; };
		C41375F2228D6063003D4EF5 /* HomeTopBar.swift */ = {isa = PBXFileReference; lastKnownFileType = sourcecode.swift; path = HomeTopBar.swift; sourceTree = "<group>"; };
		C41375F5228D608F003D4EF5 /* HomeCircleController.swift */ = {isa = PBXFileReference; lastKnownFileType = sourcecode.swift; path = HomeCircleController.swift; sourceTree = "<group>"; };
		C41A32C322601E09009AF4CF /* RecommendCellNode.swift */ = {isa = PBXFileReference; lastKnownFileType = sourcecode.swift; path = RecommendCellNode.swift; sourceTree = "<group>"; };
		C41E0CC3224CA6260032E12A /* Color.swift */ = {isa = PBXFileReference; lastKnownFileType = sourcecode.swift; path = Color.swift; sourceTree = "<group>"; };
		C41E0CD1224CB0700032E12A /* GenerateResource.sh */ = {isa = PBXFileReference; lastKnownFileType = text.script.sh; path = GenerateResource.sh; sourceTree = "<group>"; };
		C41E0CDB224CBB900032E12A /* R.generated.swift */ = {isa = PBXFileReference; fileEncoding = 4; lastKnownFileType = sourcecode.swift; path = R.generated.swift; sourceTree = SOURCE_ROOT; };
		C41E0CE3224CC0D40032E12A /* zh-Hans */ = {isa = PBXFileReference; lastKnownFileType = text.plist.strings; name = "zh-Hans"; path = "zh-Hans.lproj/Localizable.strings"; sourceTree = "<group>"; };
		C41E0CE5224CC0D90032E12A /* en */ = {isa = PBXFileReference; lastKnownFileType = text.plist.strings; name = en; path = en.lproj/Localizable.strings; sourceTree = "<group>"; };
		C41E0CE6224CC1500032E12A /* zh-Hant */ = {isa = PBXFileReference; lastKnownFileType = text.plist.strings; name = "zh-Hant"; path = "zh-Hant.lproj/Localizable.strings"; sourceTree = "<group>"; };
		C421367E228545030081B532 /* ProfileDetailScrollView.swift */ = {isa = PBXFileReference; lastKnownFileType = sourcecode.swift; path = ProfileDetailScrollView.swift; sourceTree = "<group>"; };
		C422D97B228278D5002530F6 /* ProfileScrollView.swift */ = {isa = PBXFileReference; lastKnownFileType = sourcecode.swift; path = ProfileScrollView.swift; sourceTree = "<group>"; };
		C43433C92275362400255883 /* UserCommentCell.swift */ = {isa = PBXFileReference; lastKnownFileType = sourcecode.swift; path = UserCommentCell.swift; sourceTree = "<group>"; };
		C437F353226EA2D80017445F /* RecommendTutorialCell.swift */ = {isa = PBXFileReference; lastKnownFileType = sourcecode.swift; path = RecommendTutorialCell.swift; sourceTree = "<group>"; };
		C437F356226EE6FB0017445F /* TutorialDetailViewController.swift */ = {isa = PBXFileReference; lastKnownFileType = sourcecode.swift; path = TutorialDetailViewController.swift; sourceTree = "<group>"; };
		C43AEA08225442BC00C2CFE7 /* SearchBar.swift */ = {isa = PBXFileReference; lastKnownFileType = sourcecode.swift; path = SearchBar.swift; sourceTree = "<group>"; };
		C43AEA0A225482D200C2CFE7 /* SearchTableNode.swift */ = {isa = PBXFileReference; lastKnownFileType = sourcecode.swift; path = SearchTableNode.swift; sourceTree = "<group>"; };
		C43B47972271A02100D2B970 /* TutoriaDetailInfoCell.swift */ = {isa = PBXFileReference; lastKnownFileType = sourcecode.swift; path = TutoriaDetailInfoCell.swift; sourceTree = "<group>"; };
		C43B47992271A32500D2B970 /* TutorialDetailInfoTagBtnNode.swift */ = {isa = PBXFileReference; lastKnownFileType = sourcecode.swift; path = TutorialDetailInfoTagBtnNode.swift; sourceTree = "<group>"; };
		C43B9A51225C2FFA00C15872 /* TabBar.swift */ = {isa = PBXFileReference; lastKnownFileType = sourcecode.swift; path = TabBar.swift; sourceTree = "<group>"; };
		C43B9A55225C617100C15872 /* UserViewController.swift */ = {isa = PBXFileReference; lastKnownFileType = sourcecode.swift; path = UserViewController.swift; sourceTree = "<group>"; };
		C43B9A57225C61E100C15872 /* PhotoFilmViewController.swift */ = {isa = PBXFileReference; lastKnownFileType = sourcecode.swift; path = PhotoFilmViewController.swift; sourceTree = "<group>"; };
		C43B9A5A225C62D600C15872 /* AlbumViewController.swift */ = {isa = PBXFileReference; lastKnownFileType = sourcecode.swift; path = AlbumViewController.swift; sourceTree = "<group>"; };
		C45496E12270434000D14FD8 /* WebView.swift */ = {isa = PBXFileReference; lastKnownFileType = sourcecode.swift; path = WebView.swift; sourceTree = "<group>"; };
		C462BFFB225EE64700AB91F1 /* HomeSubViewController.swift */ = {isa = PBXFileReference; lastKnownFileType = sourcecode.swift; path = HomeSubViewController.swift; sourceTree = "<group>"; };
		C462BFFD225F134300AB91F1 /* HomeContainerViewController+UIPageViewController.swift */ = {isa = PBXFileReference; lastKnownFileType = sourcecode.swift; path = "HomeContainerViewController+UIPageViewController.swift"; sourceTree = "<group>"; };
		C462C000225F35AE00AB91F1 /* RecommendViewController.swift */ = {isa = PBXFileReference; lastKnownFileType = sourcecode.swift; path = RecommendViewController.swift; sourceTree = "<group>"; };
		C462C002225F39C700AB91F1 /* CategoryViewController.swift */ = {isa = PBXFileReference; lastKnownFileType = sourcecode.swift; path = CategoryViewController.swift; sourceTree = "<group>"; };
		C4650C2F22840F0600215D85 /* ProfileDetailTopItemView.swift */ = {isa = PBXFileReference; lastKnownFileType = sourcecode.swift; path = ProfileDetailTopItemView.swift; sourceTree = "<group>"; };
		C479F2852272DF41002C7D53 /* TutorialDetailHeadView.swift */ = {isa = PBXFileReference; lastKnownFileType = sourcecode.swift; path = TutorialDetailHeadView.swift; sourceTree = "<group>"; };
		C47BDC352249B26F001032DC /* LaunchViewController.swift */ = {isa = PBXFileReference; lastKnownFileType = sourcecode.swift; path = LaunchViewController.swift; sourceTree = "<group>"; };
		C4827C372266B828009E94C5 /* FollowViewController.swift */ = {isa = PBXFileReference; lastKnownFileType = sourcecode.swift; path = FollowViewController.swift; sourceTree = "<group>"; };
		C4827C392266BC1D009E94C5 /* UserManager.swift */ = {isa = PBXFileReference; lastKnownFileType = sourcecode.swift; path = UserManager.swift; sourceTree = "<group>"; };
		C4827C3E2266BD60009E94C5 /* FollowViewUserLoginNode.swift */ = {isa = PBXFileReference; lastKnownFileType = sourcecode.swift; path = FollowViewUserLoginNode.swift; sourceTree = "<group>"; };
		C4893B5F2268127E00B2AE01 /* RecommendCategoryCellNode.swift */ = {isa = PBXFileReference; lastKnownFileType = sourcecode.swift; path = RecommendCategoryCellNode.swift; sourceTree = "<group>"; };
		C49B2A9C22924D48006CECA8 /* PageControlView.swift */ = {isa = PBXFileReference; lastKnownFileType = sourcecode.swift; path = PageControlView.swift; sourceTree = "<group>"; };
		C4A502482266F49C00867EBE /* RecommendBaseCellNode.swift */ = {isa = PBXFileReference; lastKnownFileType = sourcecode.swift; path = RecommendBaseCellNode.swift; sourceTree = "<group>"; };
		C4A5024A2267035700867EBE /* RecommedTopicCollectionCellNode.swift */ = {isa = PBXFileReference; lastKnownFileType = sourcecode.swift; path = RecommedTopicCollectionCellNode.swift; sourceTree = "<group>"; };
		C4AC63CE2241BBD100324C23 /* HomeContainerViewController.swift */ = {isa = PBXFileReference; lastKnownFileType = sourcecode.swift; path = HomeContainerViewController.swift; sourceTree = "<group>"; };
		C4AC63D02241BEF400324C23 /* Reference */ = {isa = PBXFileReference; lastKnownFileType = text; path = Reference; sourceTree = "<group>"; };
		C4AC63D22241D3CE00324C23 /* Logger.swift */ = {isa = PBXFileReference; fileEncoding = 4; lastKnownFileType = sourcecode.swift; path = Logger.swift; sourceTree = "<group>"; };
		C4AC63D42241E53700324C23 /* ASDKNavigationBar.swift */ = {isa = PBXFileReference; lastKnownFileType = sourcecode.swift; path = ASDKNavigationBar.swift; sourceTree = "<group>"; };
		C4AD3C29224097CB0095BC97 /* TuChong.app */ = {isa = PBXFileReference; explicitFileType = wrapper.application; includeInIndex = 0; path = TuChong.app; sourceTree = BUILT_PRODUCTS_DIR; };
		C4AD3C2C224097CB0095BC97 /* AppDelegate.swift */ = {isa = PBXFileReference; lastKnownFileType = sourcecode.swift; path = AppDelegate.swift; sourceTree = "<group>"; };
		C4AD3C33224097CB0095BC97 /* Assets.xcassets */ = {isa = PBXFileReference; lastKnownFileType = folder.assetcatalog; path = Assets.xcassets; sourceTree = "<group>"; };
		C4AD3C36224097CB0095BC97 /* Base */ = {isa = PBXFileReference; lastKnownFileType = file.storyboard; name = Base; path = Base.lproj/LaunchScreen.storyboard; sourceTree = "<group>"; };
		C4AD3C38224097CB0095BC97 /* Info.plist */ = {isa = PBXFileReference; lastKnownFileType = text.plist.xml; path = Info.plist; sourceTree = "<group>"; };
		C4AD3C3F224098B40095BC97 /* Extension.swift */ = {isa = PBXFileReference; fileEncoding = 4; lastKnownFileType = sourcecode.swift; path = Extension.swift; sourceTree = "<group>"; };
		C4AD3C42224098BD0095BC97 /* Service.swift */ = {isa = PBXFileReference; fileEncoding = 4; lastKnownFileType = sourcecode.swift; path = Service.swift; sourceTree = "<group>"; };
		C4AD3C482240993A0095BC97 /* SwiftLintRule */ = {isa = PBXFileReference; fileEncoding = 4; lastKnownFileType = text; path = SwiftLintRule; sourceTree = "<group>"; };
		C4AD3C4A2240AEFE0095BC97 /* API */ = {isa = PBXFileReference; lastKnownFileType = text; path = API; sourceTree = "<group>"; };
		C4B15B7C2248BD7C00D3DE12 /* HomeTagViewController.swift */ = {isa = PBXFileReference; lastKnownFileType = sourcecode.swift; path = HomeTagViewController.swift; sourceTree = "<group>"; };
		C4B2714A2280070800EA9131 /* ProfileCoverCollectionNodeCell.swift */ = {isa = PBXFileReference; lastKnownFileType = sourcecode.swift; path = ProfileCoverCollectionNodeCell.swift; sourceTree = "<group>"; };
		C4B9825A2241EE8400F65C0E /* Macro.swift */ = {isa = PBXFileReference; lastKnownFileType = sourcecode.swift; path = Macro.swift; sourceTree = "<group>"; };
		C4B9825C2242172900F65C0E /* HomeNavNode.swift */ = {isa = PBXFileReference; lastKnownFileType = sourcecode.swift; path = HomeNavNode.swift; sourceTree = "<group>"; };
		C4B9825E22421F5F00F65C0E /* TuChong-Bridging-Header.h */ = {isa = PBXFileReference; lastKnownFileType = sourcecode.c.h; path = "TuChong-Bridging-Header.h"; sourceTree = "<group>"; };
		C4C8F464226DA250000D1231 /* RecommendTutorialViewController.swift */ = {isa = PBXFileReference; lastKnownFileType = sourcecode.swift; path = RecommendTutorialViewController.swift; sourceTree = "<group>"; };
		C4C8F466226DB07E000D1231 /* TutorialNavNode.swift */ = {isa = PBXFileReference; lastKnownFileType = sourcecode.swift; path = TutorialNavNode.swift; sourceTree = "<group>"; };
		C4C8F468226DB170000D1231 /* TutorialModel.swift */ = {isa = PBXFileReference; lastKnownFileType = sourcecode.swift; path = TutorialModel.swift; sourceTree = "<group>"; };
		C4C8FD332281716600BE55CF /* CoverShadowView.swift */ = {isa = PBXFileReference; lastKnownFileType = sourcecode.swift; path = CoverShadowView.swift; sourceTree = "<group>"; };
		C4CBE21B2255A9260074F58A /* SearchModel.swift */ = {isa = PBXFileReference; lastKnownFileType = sourcecode.swift; path = SearchModel.swift; sourceTree = "<group>"; };
		C4CBE21D2255F3E10074F58A /* SearchCellNode.swift */ = {isa = PBXFileReference; lastKnownFileType = sourcecode.swift; path = SearchCellNode.swift; sourceTree = "<group>"; };
		C4D91A082281139A00D7D197 /* CoverIndicatorView.swift */ = {isa = PBXFileReference; lastKnownFileType = sourcecode.swift; path = CoverIndicatorView.swift; sourceTree = "<group>"; };
		C4DA8454227EB926007879EB /* LectureViewController.swift */ = {isa = PBXFileReference; lastKnownFileType = sourcecode.swift; path = LectureViewController.swift; sourceTree = "<group>"; };
		C4DA8456227EBC69007879EB /* LectureModel.swift */ = {isa = PBXFileReference; lastKnownFileType = sourcecode.swift; path = LectureModel.swift; sourceTree = "<group>"; };
		C4DA8459227EC9F1007879EB /* PhotographyGroupViewController.swift */ = {isa = PBXFileReference; lastKnownFileType = sourcecode.swift; path = PhotographyGroupViewController.swift; sourceTree = "<group>"; };
		C4DA845B227ED0F2007879EB /* PhotographyGroupModel.swift */ = {isa = PBXFileReference; lastKnownFileType = sourcecode.swift; path = PhotographyGroupModel.swift; sourceTree = "<group>"; };
		C4DA845D227ED683007879EB /* PhotographyGroupCell.swift */ = {isa = PBXFileReference; lastKnownFileType = sourcecode.swift; path = PhotographyGroupCell.swift; sourceTree = "<group>"; };
		C4DC5C18225DDEDE00985CE3 /* ScrollView.swift */ = {isa = PBXFileReference; lastKnownFileType = sourcecode.swift; path = ScrollView.swift; sourceTree = "<group>"; };
		C4E57B3C224DB46100F9D511 /* ActivityViewController.swift */ = {isa = PBXFileReference; lastKnownFileType = sourcecode.swift; path = ActivityViewController.swift; sourceTree = "<group>"; };
		C4E57B3E224DBB5E00F9D511 /* ActivityModel.swift */ = {isa = PBXFileReference; lastKnownFileType = sourcecode.swift; path = ActivityModel.swift; sourceTree = "<group>"; };
		C4E57B40224DC4DA00F9D511 /* ActivityTableNode.swift */ = {isa = PBXFileReference; lastKnownFileType = sourcecode.swift; path = ActivityTableNode.swift; sourceTree = "<group>"; };
		C4EB9FEE2266F074008747C7 /* RecommendTopicCellNode.swift */ = {isa = PBXFileReference; lastKnownFileType = sourcecode.swift; path = RecommendTopicCellNode.swift; sourceTree = "<group>"; };
		C4F3A5FC227FD6D6006614D1 /* ProfileModel.swift */ = {isa = PBXFileReference; lastKnownFileType = sourcecode.swift; path = ProfileModel.swift; sourceTree = "<group>"; };
		C4F3A5FE227FE3AA006614D1 /* ProfileCoverCollectionNode.swift */ = {isa = PBXFileReference; lastKnownFileType = sourcecode.swift; path = ProfileCoverCollectionNode.swift; sourceTree = "<group>"; };
		C4F658802249C1C100297EF4 /* HomeTagCollectionNodeLayout.swift */ = {isa = PBXFileReference; lastKnownFileType = sourcecode.swift; path = HomeTagCollectionNodeLayout.swift; sourceTree = "<group>"; };
		C4F658A42249F0D700297EF4 /* HomeTagCellNode.swift */ = {isa = PBXFileReference; lastKnownFileType = sourcecode.swift; path = HomeTagCellNode.swift; sourceTree = "<group>"; };
/* End PBXFileReference section */

/* Begin PBXFrameworksBuildPhase section */
		C4AD3C26224097CB0095BC97 /* Frameworks */ = {
			isa = PBXFrameworksBuildPhase;
			buildActionMask = 2147483647;
			files = (
				0F3232510304A995F6B6037D /* Pods_TuChong.framework in Frameworks */,
			);
			runOnlyForDeploymentPostprocessing = 0;
		};
/* End PBXFrameworksBuildPhase section */

/* Begin PBXGroup section */
		214658E42F57BBD2BBDDBCBC /* Pods */ = {
			isa = PBXGroup;
			children = (
				A9932FE1DB24369678F50635 /* Pods-TuChong.debug.xcconfig */,
				85E197914226118C536E28EC /* Pods-TuChong.release.xcconfig */,
			);
			name = Pods;
			sourceTree = "<group>";
		};
		2B792C2925D56CEAB9EDAE54 /* Frameworks */ = {
			isa = PBXGroup;
			children = (
				827E6D5469BAD6EADF9335D1 /* Pods_TuChong.framework */,
			);
			name = Frameworks;
			sourceTree = "<group>";
		};
		5304106F2268A64000EB1AE5 /* Model */ = {
			isa = PBXGroup;
			children = (
				530410702268A64000EB1AE5 /* HomePageModel.swift */,
				530410712268A64100EB1AE5 /* RecommendModel.swift */,
				C4C8F468226DB170000D1231 /* TutorialModel.swift */,
			);
			path = Model;
			sourceTree = "<group>";
		};
		531051A0227F113D00DDF968 /* Profile */ = {
			isa = PBXGroup;
			children = (
				C404365C2285515100EE1742 /* TableNode */,
				C404365B2285514C00EE1742 /* CollectionNode */,
				C4650C2F22840F0600215D85 /* ProfileDetailTopItemView.swift */,
				C421367E228545030081B532 /* ProfileDetailScrollView.swift */,
				C422D97B228278D5002530F6 /* ProfileScrollView.swift */,
				53D7A77B2281B83C0008D6A6 /* ProfileNavBar.swift */,
				53DD615A227F128500FA969E /* ProfileViewController.swift */,
				C4F3A5FC227FD6D6006614D1 /* ProfileModel.swift */,
				C4D91A082281139A00D7D197 /* CoverIndicatorView.swift */,
				C4C8FD332281716600BE55CF /* CoverShadowView.swift */,
				53EF8E82228065BD00347ECA /* ProfileCoverNode.swift */,
				C4F3A5FE227FE3AA006614D1 /* ProfileCoverCollectionNode.swift */,
				C4B2714A2280070800EA9131 /* ProfileCoverCollectionNodeCell.swift */,
			);
			path = Profile;
			sourceTree = "<group>";
		};
		5317321E224130B000B6C10B /* ASDK */ = {
			isa = PBXGroup;
			children = (
				5317321F224130F600B6C10B /* BaseContainerViewController.swift */,
				C4AC63D42241E53700324C23 /* ASDKNavigationBar.swift */,
				C4DC5C18225DDEDE00985CE3 /* ScrollView.swift */,
			);
			path = ASDK;
			sourceTree = "<group>";
		};
		5341BFC72275DBED0095A6ED /* RecommendPhotographer */ = {
			isa = PBXGroup;
			children = (
				53A00EFC2275EF02008916CE /* RecommendPhotographerCell.swift */,
				53295BCD2275EBE80019554D /* RecommendPhotographerModel.swift */,
				5351010C2275DC2B0008B7AE /* RecommendPhotographerViewController.swift */,
			);
			path = RecommendPhotographer;
			sourceTree = "<group>";
		};
		5381E5FD228DA53200B7D099 /* Feeds */ = {
			isa = PBXGroup;
			children = (
				53ADCC92228DA587006CFA43 /* FeedsViewController.swift */,
			);
			path = Feeds;
			sourceTree = "<group>";
		};
		53F43F97224509DD007027AD /* Launch */ = {
			isa = PBXGroup;
			children = (
				53F43F98224509DD007027AD /* LaunchManager.swift */,
				C47BDC352249B26F001032DC /* LaunchViewController.swift */,
			);
			path = Launch;
			sourceTree = "<group>";
		};
		C402B24122699AE5007746EB /* Layout */ = {
			isa = PBXGroup;
			children = (
				C402B24422699B3A007746EB /* WallpaperLayout.swift */,
				C402B24222699AE5007746EB /* CategoryFlowLayout.swift */,
			);
			path = Layout;
			sourceTree = "<group>";
		};
		C404365B2285514C00EE1742 /* CollectionNode */ = {
			isa = PBXGroup;
			children = (
				53ADF3AD228C47B5000A941D /* ProfileCollectionCell.swift */,
				53E29035228C407F008A0242 /* ProfileFeedListModel.swift */,
				C404365F228551AB00EE1742 /* ProfileCollectionNode.swift */,
			);
			path = CollectionNode;
			sourceTree = "<group>";
		};
		C404365C2285515100EE1742 /* TableNode */ = {
			isa = PBXGroup;
			children = (
				53463CFB2289A2D000F6E581 /* ProfileEventsCellNode.swift */,
				53463CF922899E1100F6E581 /* ProfileEventsHeaderView.swift */,
				5351BA6E228999300056677E /* ProfileEventsModel.swift */,
				C404365D2285516A00EE1742 /* ProfileEventsTableNode.swift */,
			);
			path = TableNode;
			sourceTree = "<group>";
		};
		C41375F4228D6080003D4EF5 /* Circle */ = {
			isa = PBXGroup;
			children = (
				C40F35F7228E931F00A8638B /* HomeCircleModel.swift */,
				C41375F5228D608F003D4EF5 /* HomeCircleController.swift */,
				C40F35EB228E614F00A8638B /* HomeCircleTopBar.swift */,
				C40F35ED228E857B00A8638B /* HomeCircleContainer.swift */,
				C40F35F1228E87C000A8638B /* HomeCircleRecommendTableNode.swift */,
				C40F35F3228E87D300A8638B /* HomeCircleFocusTableNode.swift */,
				C40F35EF228E87B000A8638B /* HomeCircleRecommendCell.swift */,
				C40F35F5228E87E400A8638B /* HomeCircleFocusTableCell.swift */,
			);
			path = Circle;
			sourceTree = "<group>";
		};
		C41E0CC5224CAE680032E12A /* Resources */ = {
			isa = PBXGroup;
			children = (
				C41E0CDB224CBB900032E12A /* R.generated.swift */,
				C4AD3C33224097CB0095BC97 /* Assets.xcassets */,
				C41E0CD1224CB0700032E12A /* GenerateResource.sh */,
				C41E0CE4224CC0D40032E12A /* Localizable.strings */,
			);
			path = Resources;
			sourceTree = "<group>";
		};
		C43433C82275361900255883 /* Comment */ = {
			isa = PBXGroup;
			children = (
				C43433C92275362400255883 /* UserCommentCell.swift */,
			);
			path = Comment;
			sourceTree = "<group>";
		};
		C437F355226EE6EC0017445F /* TutorialDetail */ = {
			isa = PBXGroup;
			children = (
				5358B10B226F5451006229CB /* TutorialDetailModel.swift */,
				5358B10D226F5C55006229CB /* TutorialDetailProfileCell.swift */,
				53AF47992270958200C96A96 /* TutorialDetailWebViewCell.swift */,
				C43B47972271A02100D2B970 /* TutoriaDetailInfoCell.swift */,
				C43B47992271A32500D2B970 /* TutorialDetailInfoTagBtnNode.swift */,
				C437F356226EE6FB0017445F /* TutorialDetailViewController.swift */,
				C479F2852272DF41002C7D53 /* TutorialDetailHeadView.swift */,
			);
			path = TutorialDetail;
			sourceTree = "<group>";
		};
		C43AEA07225442AA00C2CFE7 /* Search */ = {
			isa = PBXGroup;
			children = (
				C4CBE21B2255A9260074F58A /* SearchModel.swift */,
				C43AEA08225442BC00C2CFE7 /* SearchBar.swift */,
				C43AEA0A225482D200C2CFE7 /* SearchTableNode.swift */,
				C4CBE21D2255F3E10074F58A /* SearchCellNode.swift */,
			);
			path = Search;
			sourceTree = "<group>";
		};
		C43B9A53225C614300C15872 /* User */ = {
			isa = PBXGroup;
			children = (
				C43B9A55225C617100C15872 /* UserViewController.swift */,
			);
			name = User;
			path = TuChong/User;
			sourceTree = SOURCE_ROOT;
		};
		C43B9A54225C614F00C15872 /* Film */ = {
			isa = PBXGroup;
			children = (
				C43B9A57225C61E100C15872 /* PhotoFilmViewController.swift */,
			);
			path = Film;
			sourceTree = "<group>";
		};
		C43B9A59225C621A00C15872 /* Plus */ = {
			isa = PBXGroup;
			children = (
				C43B9A5A225C62D600C15872 /* AlbumViewController.swift */,
			);
			path = Plus;
			sourceTree = "<group>";
		};
		C462BFFF225F13DD00AB91F1 /* Tag */ = {
			isa = PBXGroup;
			children = (
				C4B15B7C2248BD7C00D3DE12 /* HomeTagViewController.swift */,
				C4F658802249C1C100297EF4 /* HomeTagCollectionNodeLayout.swift */,
				C4F658A42249F0D700297EF4 /* HomeTagCellNode.swift */,
			);
			path = Tag;
			sourceTree = "<group>";
		};
		C4827C3D2266BD34009E94C5 /* View */ = {
			isa = PBXGroup;
			children = (
				C402B23B22694C6D007746EB /* NavItemButton.swift */,
				C4B9825C2242172900F65C0E /* HomeNavNode.swift */,
				535BC19C2268B4B00095B6C6 /* VideoNavNode.swift */,
				C402B23F2269755F007746EB /* WallpaperNavNode.swift */,
				C4C8F466226DB07E000D1231 /* TutorialNavNode.swift */,
				C4827C3E2266BD60009E94C5 /* FollowViewUserLoginNode.swift */,
				C41375F2228D6063003D4EF5 /* HomeTopBar.swift */,
			);
			path = View;
			sourceTree = "<group>";
		};
		C4A502472266F46A00867EBE /* Cell */ = {
			isa = PBXGroup;
			children = (
				C4A5024A2267035700867EBE /* RecommedTopicCollectionCellNode.swift */,
				C4A502482266F49C00867EBE /* RecommendBaseCellNode.swift */,
				C4EB9FEE2266F074008747C7 /* RecommendTopicCellNode.swift */,
				C41A32C322601E09009AF4CF /* RecommendCellNode.swift */,
				C4893B5F2268127E00B2AE01 /* RecommendCategoryCellNode.swift */,
				C402B24622699C95007746EB /* RecommendWallpaperCell.swift */,
				C437F353226EA2D80017445F /* RecommendTutorialCell.swift */,
			);
			path = Cell;
			sourceTree = "<group>";
		};
		C4AC63CC2241B80100324C23 /* APP */ = {
			isa = PBXGroup;
			children = (
				53679354224132DE00C93C76 /* AppDelegate+Extension.swift */,
				C4AD3C2C224097CB0095BC97 /* AppDelegate.swift */,
				C4B9825E22421F5F00F65C0E /* TuChong-Bridging-Header.h */,
				C43B9A51225C2FFA00C15872 /* TabBar.swift */,
				C4827C392266BC1D009E94C5 /* UserManager.swift */,
				53CC8C65226DF5D1007EE8D3 /* LoadingNode.swift */,
				C45496E12270434000D14FD8 /* WebView.swift */,
			);
			path = APP;
			sourceTree = "<group>";
		};
		C4AC63CD2241BB4100324C23 /* Home */ = {
			isa = PBXGroup;
			children = (
				5381E5FD228DA53200B7D099 /* Feeds */,
				C41375F4228D6080003D4EF5 /* Circle */,
				C402B24122699AE5007746EB /* Layout */,
				5304106F2268A64000EB1AE5 /* Model */,
				C4A502472266F46A00867EBE /* Cell */,
				C4827C3D2266BD34009E94C5 /* View */,
				C462BFFF225F13DD00AB91F1 /* Tag */,
				C4AC63CE2241BBD100324C23 /* HomeContainerViewController.swift */,
				C462BFFD225F134300AB91F1 /* HomeContainerViewController+UIPageViewController.swift */,
				53D1F5B42268A7340046F0FE /* RecommendBaseViewController.swift */,
				C4827C372266B828009E94C5 /* FollowViewController.swift */,
				C462C000225F35AE00AB91F1 /* RecommendViewController.swift */,
				C462C002225F39C700AB91F1 /* CategoryViewController.swift */,
				5304106D2268A5DC00EB1AE5 /* RecommendVideoPlayerController.swift */,
				C402B23D22696D64007746EB /* RecommendWallpaperViewController.swift */,
				C4C8F464226DA250000D1231 /* RecommendTutorialViewController.swift */,
				C462BFFB225EE64700AB91F1 /* HomeSubViewController.swift */,
			);
			path = Home;
			sourceTree = "<group>";
		};
		C4AD3C20224097CB0095BC97 = {
			isa = PBXGroup;
			children = (
				C4AD3C2B224097CB0095BC97 /* TuChong */,
				C4AD3C2A224097CB0095BC97 /* Products */,
				214658E42F57BBD2BBDDBCBC /* Pods */,
				2B792C2925D56CEAB9EDAE54 /* Frameworks */,
			);
			sourceTree = "<group>";
		};
		C4AD3C2A224097CB0095BC97 /* Products */ = {
			isa = PBXGroup;
			children = (
				C4AD3C29224097CB0095BC97 /* TuChong.app */,
			);
			name = Products;
			sourceTree = "<group>";
		};
		C4AD3C2B224097CB0095BC97 /* TuChong */ = {
			isa = PBXGroup;
			children = (
				C43433C82275361900255883 /* Comment */,
				C41E0CC5224CAE680032E12A /* Resources */,
				53F43F97224509DD007027AD /* Launch */,
				C4AC63CC2241B80100324C23 /* APP */,
				5317321E224130B000B6C10B /* ASDK */,
				C4AD3C41224098BD0095BC97 /* Service */,
				C4AD3C3E224098B40095BC97 /* Helper */,
				C4AC63CD2241BB4100324C23 /* Home */,
				C437F355226EE6EC0017445F /* TutorialDetail */,
				C43B9A54225C614F00C15872 /* Film */,
				C43B9A59225C621A00C15872 /* Plus */,
				C4E57B3B224DB43D00F9D511 /* Activity */,
				C43B9A53225C614300C15872 /* User */,
				C43AEA07225442AA00C2CFE7 /* Search */,
				531051A0227F113D00DDF968 /* Profile */,
				C4AD3C35224097CB0095BC97 /* LaunchScreen.storyboard */,
				C4AD3C38224097CB0095BC97 /* Info.plist */,
				C4AD3C482240993A0095BC97 /* SwiftLintRule */,
				C4AD3C4A2240AEFE0095BC97 /* API */,
				C4AC63D02241BEF400324C23 /* Reference */,
			);
			path = TuChong;
			sourceTree = "<group>";
		};
		C4AD3C3E224098B40095BC97 /* Helper */ = {
			isa = PBXGroup;
			children = (
				C4AC63D22241D3CE00324C23 /* Logger.swift */,
				C4AD3C3F224098B40095BC97 /* Extension.swift */,
				C4B9825A2241EE8400F65C0E /* Macro.swift */,
				C41E0CC3224CA6260032E12A /* Color.swift */,
			);
			path = Helper;
			sourceTree = "<group>";
		};
		C4AD3C41224098BD0095BC97 /* Service */ = {
			isa = PBXGroup;
			children = (
				C4AD3C42224098BD0095BC97 /* Service.swift */,
			);
			path = Service;
			sourceTree = "<group>";
		};
		C4DA8453227EB912007879EB /* Lecture */ = {
			isa = PBXGroup;
			children = (
				C4DA8454227EB926007879EB /* LectureViewController.swift */,
				C4DA8456227EBC69007879EB /* LectureModel.swift */,
			);
			path = Lecture;
			sourceTree = "<group>";
		};
		C4DA8458227EC9E0007879EB /* PhotographyGroup */ = {
			isa = PBXGroup;
			children = (
				C4DA8459227EC9F1007879EB /* PhotographyGroupViewController.swift */,
				C4DA845B227ED0F2007879EB /* PhotographyGroupModel.swift */,
				C4DA845D227ED683007879EB /* PhotographyGroupCell.swift */,
			);
			path = PhotographyGroup;
			sourceTree = "<group>";
		};
		C4E57B3B224DB43D00F9D511 /* Activity */ = {
			isa = PBXGroup;
			children = (
				C4DA8458227EC9E0007879EB /* PhotographyGroup */,
				C4DA8453227EB912007879EB /* Lecture */,
				5341BFC72275DBED0095A6ED /* RecommendPhotographer */,
				C4E57B3C224DB46100F9D511 /* ActivityViewController.swift */,
				C4E57B3E224DBB5E00F9D511 /* ActivityModel.swift */,
				C4E57B40224DC4DA00F9D511 /* ActivityTableNode.swift */,
				C49B2A9C22924D48006CECA8 /* PageControlView.swift */,
			);
			path = Activity;
			sourceTree = "<group>";
		};
/* End PBXGroup section */

/* Begin PBXNativeTarget section */
		C4AD3C28224097CB0095BC97 /* TuChong */ = {
			isa = PBXNativeTarget;
			buildConfigurationList = C4AD3C3B224097CB0095BC97 /* Build configuration list for PBXNativeTarget "TuChong" */;
			buildPhases = (
				67361F9908B6169A1FCF9F61 /* [CP] Check Pods Manifest.lock */,
				C4AD3C26224097CB0095BC97 /* Frameworks */,
				C4AD3C27224097CB0095BC97 /* Resources */,
				825C7678B036FB867F7CD682 /* [CP] Embed Pods Frameworks */,
				C4AD3C47224098F50095BC97 /* SwiftLint */,
				C41E0CDA224CB8D20032E12A /* R.swift */,
				C4AD3C25224097CB0095BC97 /* Sources */,
			);
			buildRules = (
			);
			dependencies = (
			);
			name = TuChong;
			productName = TuChong;
			productReference = C4AD3C29224097CB0095BC97 /* TuChong.app */;
			productType = "com.apple.product-type.application";
		};
/* End PBXNativeTarget section */

/* Begin PBXProject section */
		C4AD3C21224097CB0095BC97 /* Project object */ = {
			isa = PBXProject;
			attributes = {
				LastSwiftUpdateCheck = 1010;
				LastUpgradeCheck = 1010;
				ORGANIZATIONNAME = Summer;
				TargetAttributes = {
					C4AD3C28224097CB0095BC97 = {
						CreatedOnToolsVersion = 10.1;
					};
				};
			};
			buildConfigurationList = C4AD3C24224097CB0095BC97 /* Build configuration list for PBXProject "TuChong" */;
			compatibilityVersion = "Xcode 9.3";
			developmentRegion = en;
			hasScannedForEncodings = 0;
			knownRegions = (
				Base,
				en,
				"zh-Hant",
			);
			mainGroup = C4AD3C20224097CB0095BC97;
			productRefGroup = C4AD3C2A224097CB0095BC97 /* Products */;
			projectDirPath = "";
			projectRoot = "";
			targets = (
				C4AD3C28224097CB0095BC97 /* TuChong */,
			);
		};
/* End PBXProject section */

/* Begin PBXResourcesBuildPhase section */
		C4AD3C27224097CB0095BC97 /* Resources */ = {
			isa = PBXResourcesBuildPhase;
			buildActionMask = 2147483647;
			files = (
				C4AD3C37224097CB0095BC97 /* LaunchScreen.storyboard in Resources */,
				C4AC63D12241BEF400324C23 /* Reference in Resources */,
				C4AD3C492240993A0095BC97 /* SwiftLintRule in Resources */,
				C4AD3C34224097CB0095BC97 /* Assets.xcassets in Resources */,
				C41E0CE2224CC0D40032E12A /* Localizable.strings in Resources */,
				C4AD3C4B2240AEFE0095BC97 /* API in Resources */,
				C41E0CD2224CB0700032E12A /* GenerateResource.sh in Resources */,
			);
			runOnlyForDeploymentPostprocessing = 0;
		};
/* End PBXResourcesBuildPhase section */

/* Begin PBXShellScriptBuildPhase section */
		67361F9908B6169A1FCF9F61 /* [CP] Check Pods Manifest.lock */ = {
			isa = PBXShellScriptBuildPhase;
			buildActionMask = 2147483647;
			files = (
			);
			inputPaths = (
				"${PODS_PODFILE_DIR_PATH}/Podfile.lock",
				"${PODS_ROOT}/Manifest.lock",
			);
			name = "[CP] Check Pods Manifest.lock";
			outputPaths = (
				"$(DERIVED_FILE_DIR)/Pods-TuChong-checkManifestLockResult.txt",
			);
			runOnlyForDeploymentPostprocessing = 0;
			shellPath = /bin/sh;
			shellScript = "diff \"${PODS_PODFILE_DIR_PATH}/Podfile.lock\" \"${PODS_ROOT}/Manifest.lock\" > /dev/null\nif [ $? != 0 ] ; then\n    # print error to STDERR\n    echo \"error: The sandbox is not in sync with the Podfile.lock. Run 'pod install' or update your CocoaPods installation.\" >&2\n    exit 1\nfi\n# This output is used by Xcode 'outputs' to avoid re-running this script phase.\necho \"SUCCESS\" > \"${SCRIPT_OUTPUT_FILE_0}\"\n";
			showEnvVarsInLog = 0;
		};
		825C7678B036FB867F7CD682 /* [CP] Embed Pods Frameworks */ = {
			isa = PBXShellScriptBuildPhase;
			buildActionMask = 2147483647;
			files = (
			);
			inputPaths = (
				"${SRCROOT}/Pods/Target Support Files/Pods-TuChong/Pods-TuChong-frameworks.sh",
				"${BUILT_PRODUCTS_DIR}/Alamofire/Alamofire.framework",
				"${BUILT_PRODUCTS_DIR}/ChameleonFramework/ChameleonFramework.framework",
				"${BUILT_PRODUCTS_DIR}/DeviceKit/DeviceKit.framework",
				"${BUILT_PRODUCTS_DIR}/HandyJSON/HandyJSON.framework",
				"${BUILT_PRODUCTS_DIR}/Kingfisher/Kingfisher.framework",
				"${BUILT_PRODUCTS_DIR}/Moya/Moya.framework",
				"${BUILT_PRODUCTS_DIR}/PINCache/PINCache.framework",
				"${BUILT_PRODUCTS_DIR}/PINOperation/PINOperation.framework",
				"${BUILT_PRODUCTS_DIR}/PINRemoteImage/PINRemoteImage.framework",
				"${BUILT_PRODUCTS_DIR}/R.swift.Library/Rswift.framework",
				"${BUILT_PRODUCTS_DIR}/Result/Result.framework",
				"${BUILT_PRODUCTS_DIR}/RxAtomic/RxAtomic.framework",
				"${BUILT_PRODUCTS_DIR}/RxSwift/RxSwift.framework",
				"${BUILT_PRODUCTS_DIR}/SnapKit/SnapKit.framework",
				"${BUILT_PRODUCTS_DIR}/SwiftyJSON/SwiftyJSON.framework",
				"${BUILT_PRODUCTS_DIR}/Texture/AsyncDisplayKit.framework",
				"${BUILT_PRODUCTS_DIR}/YYCategories/YYCategories.framework",
				"${BUILT_PRODUCTS_DIR}/pop/pop.framework",
			);
			name = "[CP] Embed Pods Frameworks";
			outputPaths = (
				"${TARGET_BUILD_DIR}/${FRAMEWORKS_FOLDER_PATH}/Alamofire.framework",
				"${TARGET_BUILD_DIR}/${FRAMEWORKS_FOLDER_PATH}/ChameleonFramework.framework",
				"${TARGET_BUILD_DIR}/${FRAMEWORKS_FOLDER_PATH}/DeviceKit.framework",
				"${TARGET_BUILD_DIR}/${FRAMEWORKS_FOLDER_PATH}/HandyJSON.framework",
				"${TARGET_BUILD_DIR}/${FRAMEWORKS_FOLDER_PATH}/Kingfisher.framework",
				"${TARGET_BUILD_DIR}/${FRAMEWORKS_FOLDER_PATH}/Moya.framework",
				"${TARGET_BUILD_DIR}/${FRAMEWORKS_FOLDER_PATH}/PINCache.framework",
				"${TARGET_BUILD_DIR}/${FRAMEWORKS_FOLDER_PATH}/PINOperation.framework",
				"${TARGET_BUILD_DIR}/${FRAMEWORKS_FOLDER_PATH}/PINRemoteImage.framework",
				"${TARGET_BUILD_DIR}/${FRAMEWORKS_FOLDER_PATH}/Rswift.framework",
				"${TARGET_BUILD_DIR}/${FRAMEWORKS_FOLDER_PATH}/Result.framework",
				"${TARGET_BUILD_DIR}/${FRAMEWORKS_FOLDER_PATH}/RxAtomic.framework",
				"${TARGET_BUILD_DIR}/${FRAMEWORKS_FOLDER_PATH}/RxSwift.framework",
				"${TARGET_BUILD_DIR}/${FRAMEWORKS_FOLDER_PATH}/SnapKit.framework",
				"${TARGET_BUILD_DIR}/${FRAMEWORKS_FOLDER_PATH}/SwiftyJSON.framework",
				"${TARGET_BUILD_DIR}/${FRAMEWORKS_FOLDER_PATH}/AsyncDisplayKit.framework",
				"${TARGET_BUILD_DIR}/${FRAMEWORKS_FOLDER_PATH}/YYCategories.framework",
				"${TARGET_BUILD_DIR}/${FRAMEWORKS_FOLDER_PATH}/pop.framework",
			);
			runOnlyForDeploymentPostprocessing = 0;
			shellPath = /bin/sh;
			shellScript = "\"${SRCROOT}/Pods/Target Support Files/Pods-TuChong/Pods-TuChong-frameworks.sh\"\n";
			showEnvVarsInLog = 0;
		};
		C41E0CDA224CB8D20032E12A /* R.swift */ = {
			isa = PBXShellScriptBuildPhase;
			buildActionMask = 2147483647;
			files = (
			);
			inputPaths = (
				"$TEMP_DIR/rswift-lastrun",
			);
			name = R.swift;
			outputPaths = (
				$SRCROOT/R.generated.swift,
			);
			runOnlyForDeploymentPostprocessing = 0;
			shellPath = /bin/sh;
			shellScript = "# Type a script or drag a script file from your workspace to insert its path.\n\"$PODS_ROOT/R.swift/rswift\" generate \"$SRCROOT/R.generated.swift\"\n";
		};
		C4AD3C47224098F50095BC97 /* SwiftLint */ = {
			isa = PBXShellScriptBuildPhase;
			buildActionMask = 2147483647;
			files = (
			);
			inputPaths = (
			);
			name = SwiftLint;
			outputPaths = (
			);
			runOnlyForDeploymentPostprocessing = 0;
			shellPath = /bin/sh;
			shellScript = "if which swiftlint >/dev/null; then\nswiftlint\nelse\necho \"warning: SwiftLint not installed, download from https://github.com/realm/SwiftLint\"\nfi\n\n";
		};
/* End PBXShellScriptBuildPhase section */

/* Begin PBXSourcesBuildPhase section */
		C4AD3C25224097CB0095BC97 /* Sources */ = {
			isa = PBXSourcesBuildPhase;
			buildActionMask = 2147483647;
			files = (
				C43B9A52225C2FFA00C15872 /* TabBar.swift in Sources */,
				C40F35F0228E87B000A8638B /* HomeCircleRecommendCell.swift in Sources */,
				C4DA8455227EB926007879EB /* LectureViewController.swift in Sources */,
				C4827C3A2266BC1D009E94C5 /* UserManager.swift in Sources */,
				C4DA8457227EBC69007879EB /* LectureModel.swift in Sources */,
				C41A32C422601E09009AF4CF /* RecommendCellNode.swift in Sources */,
				C4C8F469226DB170000D1231 /* TutorialModel.swift in Sources */,
				53DD615B227F128500FA969E /* ProfileViewController.swift in Sources */,
				C4F658A52249F0D700297EF4 /* HomeTagCellNode.swift in Sources */,
				C49B2A9D22924D48006CECA8 /* PageControlView.swift in Sources */,
				C4DA845A227EC9F1007879EB /* PhotographyGroupViewController.swift in Sources */,
				C40F35F8228E931F00A8638B /* HomeCircleModel.swift in Sources */,
				C4827C3F2266BD60009E94C5 /* FollowViewUserLoginNode.swift in Sources */,
				C462C003225F39C700AB91F1 /* CategoryViewController.swift in Sources */,
				C4B2714B2280070800EA9131 /* ProfileCoverCollectionNodeCell.swift in Sources */,
				C47BDC362249B26F001032DC /* LaunchViewController.swift in Sources */,
				535BC19D2268B4B00095B6C6 /* VideoNavNode.swift in Sources */,
				C45496E22270434000D14FD8 /* WebView.swift in Sources */,
				53463CFA22899E1100F6E581 /* ProfileEventsHeaderView.swift in Sources */,
				C402B24322699AE5007746EB /* CategoryFlowLayout.swift in Sources */,
				C43B9A58225C61E100C15872 /* PhotoFilmViewController.swift in Sources */,
				53AF479A2270958200C96A96 /* TutorialDetailWebViewCell.swift in Sources */,
				C4CBE21C2255A9260074F58A /* SearchModel.swift in Sources */,
				C43B479A2271A32500D2B970 /* TutorialDetailInfoTagBtnNode.swift in Sources */,
				C43B9A5B225C62D600C15872 /* AlbumViewController.swift in Sources */,
				C4C8FD342281716600BE55CF /* CoverShadowView.swift in Sources */,
				C43433CA2275362400255883 /* UserCommentCell.swift in Sources */,
				53A00EFD2275EF02008916CE /* RecommendPhotographerCell.swift in Sources */,
				C4043660228551AB00EE1742 /* ProfileCollectionNode.swift in Sources */,
				C43B47982271A02100D2B970 /* TutoriaDetailInfoCell.swift in Sources */,
				C4F3A5FD227FD6D6006614D1 /* ProfileModel.swift in Sources */,
				C4A5024B2267035700867EBE /* RecommedTopicCollectionCellNode.swift in Sources */,
				C4D91A092281139A00D7D197 /* CoverIndicatorView.swift in Sources */,
				C4E57B3D224DB46100F9D511 /* ActivityViewController.swift in Sources */,
				53ADCC93228DA587006CFA43 /* FeedsViewController.swift in Sources */,
				C462BFFC225EE64700AB91F1 /* HomeSubViewController.swift in Sources */,
				C4DA845C227ED0F2007879EB /* PhotographyGroupModel.swift in Sources */,
				53F43F99224509DD007027AD /* LaunchManager.swift in Sources */,
				C4C8F465226DA250000D1231 /* RecommendTutorialViewController.swift in Sources */,
				C402B23E22696D64007746EB /* RecommendWallpaperViewController.swift in Sources */,
				C4E57B3F224DBB5E00F9D511 /* ActivityModel.swift in Sources */,
				C4893B602268127E00B2AE01 /* RecommendCategoryCellNode.swift in Sources */,
				530410732268A64100EB1AE5 /* RecommendModel.swift in Sources */,
				C4F658812249C1C100297EF4 /* HomeTagCollectionNodeLayout.swift in Sources */,
				C41E0CDC224CBB900032E12A /* R.generated.swift in Sources */,
				C4AD3C45224098BE0095BC97 /* Service.swift in Sources */,
				C4827C382266B828009E94C5 /* FollowViewController.swift in Sources */,
				C4B9825B2241EE8400F65C0E /* Macro.swift in Sources */,
				C4650C3022840F0600215D85 /* ProfileDetailTopItemView.swift in Sources */,
				53E29036228C407F008A0242 /* ProfileFeedListModel.swift in Sources */,
				53679355224132DE00C93C76 /* AppDelegate+Extension.swift in Sources */,
				C40F35EE228E857B00A8638B /* HomeCircleContainer.swift in Sources */,
				C4AC63D52241E53700324C23 /* ASDKNavigationBar.swift in Sources */,
				C4E57B41224DC4DA00F9D511 /* ActivityTableNode.swift in Sources */,
				C479F2862272DF41002C7D53 /* TutorialDetailHeadView.swift in Sources */,
				C404365E2285516A00EE1742 /* ProfileEventsTableNode.swift in Sources */,
				C40F35EC228E614F00A8638B /* HomeCircleTopBar.swift in Sources */,
				5358B10E226F5C55006229CB /* TutorialDetailProfileCell.swift in Sources */,
				53463CFC2289A2D000F6E581 /* ProfileEventsCellNode.swift in Sources */,
				C402B24522699B3A007746EB /* WallpaperLayout.swift in Sources */,
				C4EB9FEF2266F074008747C7 /* RecommendTopicCellNode.swift in Sources */,
				53CC8C66226DF5D1007EE8D3 /* LoadingNode.swift in Sources */,
				C4A502492266F49C00867EBE /* RecommendBaseCellNode.swift in Sources */,
				C4CBE21E2255F3E10074F58A /* SearchCellNode.swift in Sources */,
				C4AC63D32241D3CE00324C23 /* Logger.swift in Sources */,
				53ADF3AE228C47B5000A941D /* ProfileCollectionCell.swift in Sources */,
				C402B2402269755F007746EB /* WallpaperNavNode.swift in Sources */,
				C4C8F467226DB07E000D1231 /* TutorialNavNode.swift in Sources */,
				C421367F228545030081B532 /* ProfileDetailScrollView.swift in Sources */,
				530410722268A64100EB1AE5 /* HomePageModel.swift in Sources */,
				C4AD3C40224098B40095BC97 /* Extension.swift in Sources */,
				C462BFFE225F134300AB91F1 /* HomeContainerViewController+UIPageViewController.swift in Sources */,
				C43AEA09225442BC00C2CFE7 /* SearchBar.swift in Sources */,
				5304106E2268A5DC00EB1AE5 /* RecommendVideoPlayerController.swift in Sources */,
				C41375F6228D608F003D4EF5 /* HomeCircleController.swift in Sources */,
				C4F3A5FF227FE3AA006614D1 /* ProfileCoverCollectionNode.swift in Sources */,
				C40F35F4228E87D300A8638B /* HomeCircleFocusTableNode.swift in Sources */,
				53D7A77C2281B83C0008D6A6 /* ProfileNavBar.swift in Sources */,
				5351BA6F228999300056677E /* ProfileEventsModel.swift in Sources */,
				C4AC63CF2241BBD100324C23 /* HomeContainerViewController.swift in Sources */,
				5358B10C226F5451006229CB /* TutorialDetailModel.swift in Sources */,
				C43B9A56225C617100C15872 /* UserViewController.swift in Sources */,
				C437F354226EA2D80017445F /* RecommendTutorialCell.swift in Sources */,
				C4DA845E227ED683007879EB /* PhotographyGroupCell.swift in Sources */,
				C41375F3228D6063003D4EF5 /* HomeTopBar.swift in Sources */,
				C40F35F6228E87E400A8638B /* HomeCircleFocusTableCell.swift in Sources */,
				C4B9825D2242172900F65C0E /* HomeNavNode.swift in Sources */,
				C4B15B7D2248BD7C00D3DE12 /* HomeTagViewController.swift in Sources */,
				C402B23C22694C6D007746EB /* NavItemButton.swift in Sources */,
				C43AEA0B225482D200C2CFE7 /* SearchTableNode.swift in Sources */,
				C4DC5C19225DDEDE00985CE3 /* ScrollView.swift in Sources */,
				C4AD3C2D224097CB0095BC97 /* AppDelegate.swift in Sources */,
				53EF8E83228065BD00347ECA /* ProfileCoverNode.swift in Sources */,
				53173220224130F600B6C10B /* BaseContainerViewController.swift in Sources */,
				C41E0CC4224CA6260032E12A /* Color.swift in Sources */,
				53295BCE2275EBE90019554D /* RecommendPhotographerModel.swift in Sources */,
				C422D97C228278D5002530F6 /* ProfileScrollView.swift in Sources */,
				C402B24722699C95007746EB /* RecommendWallpaperCell.swift in Sources */,
				C40F35F2228E87C000A8638B /* HomeCircleRecommendTableNode.swift in Sources */,
				C437F357226EE6FB0017445F /* TutorialDetailViewController.swift in Sources */,
				53D1F5B52268A7340046F0FE /* RecommendBaseViewController.swift in Sources */,
				5351010D2275DC2B0008B7AE /* RecommendPhotographerViewController.swift in Sources */,
				C462C001225F35AE00AB91F1 /* RecommendViewController.swift in Sources */,
			);
			runOnlyForDeploymentPostprocessing = 0;
		};
/* End PBXSourcesBuildPhase section */

/* Begin PBXVariantGroup section */
		C41E0CE4224CC0D40032E12A /* Localizable.strings */ = {
			isa = PBXVariantGroup;
			children = (
				C41E0CE3224CC0D40032E12A /* zh-Hans */,
				C41E0CE5224CC0D90032E12A /* en */,
				C41E0CE6224CC1500032E12A /* zh-Hant */,
			);
			name = Localizable.strings;
			sourceTree = "<group>";
		};
		C4AD3C35224097CB0095BC97 /* LaunchScreen.storyboard */ = {
			isa = PBXVariantGroup;
			children = (
				C4AD3C36224097CB0095BC97 /* Base */,
			);
			name = LaunchScreen.storyboard;
			sourceTree = "<group>";
		};
/* End PBXVariantGroup section */

/* Begin XCBuildConfiguration section */
		C4AD3C39224097CB0095BC97 /* Debug */ = {
			isa = XCBuildConfiguration;
			buildSettings = {
				ALWAYS_SEARCH_USER_PATHS = NO;
				CLANG_ANALYZER_LOCALIZABILITY_NONLOCALIZED = YES;
				CLANG_ANALYZER_NONNULL = YES;
				CLANG_ANALYZER_NUMBER_OBJECT_CONVERSION = YES_AGGRESSIVE;
				CLANG_CXX_LANGUAGE_STANDARD = "gnu++14";
				CLANG_CXX_LIBRARY = "libc++";
				CLANG_ENABLE_MODULES = YES;
				CLANG_ENABLE_OBJC_ARC = YES;
				CLANG_ENABLE_OBJC_WEAK = YES;
				CLANG_WARN_BLOCK_CAPTURE_AUTORELEASING = YES;
				CLANG_WARN_BOOL_CONVERSION = YES;
				CLANG_WARN_COMMA = YES;
				CLANG_WARN_CONSTANT_CONVERSION = YES;
				CLANG_WARN_DEPRECATED_OBJC_IMPLEMENTATIONS = YES;
				CLANG_WARN_DIRECT_OBJC_ISA_USAGE = YES_ERROR;
				CLANG_WARN_DOCUMENTATION_COMMENTS = YES;
				CLANG_WARN_EMPTY_BODY = YES;
				CLANG_WARN_ENUM_CONVERSION = YES;
				CLANG_WARN_INFINITE_RECURSION = YES;
				CLANG_WARN_INT_CONVERSION = YES;
				CLANG_WARN_NON_LITERAL_NULL_CONVERSION = YES;
				CLANG_WARN_OBJC_IMPLICIT_RETAIN_SELF = YES;
				CLANG_WARN_OBJC_LITERAL_CONVERSION = YES;
				CLANG_WARN_OBJC_ROOT_CLASS = YES_ERROR;
				CLANG_WARN_RANGE_LOOP_ANALYSIS = YES;
				CLANG_WARN_STRICT_PROTOTYPES = YES;
				CLANG_WARN_SUSPICIOUS_MOVE = YES;
				CLANG_WARN_UNGUARDED_AVAILABILITY = YES_AGGRESSIVE;
				CLANG_WARN_UNREACHABLE_CODE = YES;
				CLANG_WARN__DUPLICATE_METHOD_MATCH = YES;
				CODE_SIGN_IDENTITY = "iPhone Developer";
				COPY_PHASE_STRIP = NO;
				DEBUG_INFORMATION_FORMAT = dwarf;
				ENABLE_STRICT_OBJC_MSGSEND = YES;
				ENABLE_TESTABILITY = YES;
				GCC_C_LANGUAGE_STANDARD = gnu11;
				GCC_DYNAMIC_NO_PIC = NO;
				GCC_NO_COMMON_BLOCKS = YES;
				GCC_OPTIMIZATION_LEVEL = 0;
				GCC_PREPROCESSOR_DEFINITIONS = (
					"DEBUG=1",
					"$(inherited)",
				);
				GCC_WARN_64_TO_32_BIT_CONVERSION = YES;
				GCC_WARN_ABOUT_RETURN_TYPE = YES_ERROR;
				GCC_WARN_UNDECLARED_SELECTOR = YES;
				GCC_WARN_UNINITIALIZED_AUTOS = YES_AGGRESSIVE;
				GCC_WARN_UNUSED_FUNCTION = YES;
				GCC_WARN_UNUSED_VARIABLE = YES;
				IPHONEOS_DEPLOYMENT_TARGET = 12.1;
				MTL_ENABLE_DEBUG_INFO = INCLUDE_SOURCE;
				MTL_FAST_MATH = YES;
				ONLY_ACTIVE_ARCH = YES;
				SDKROOT = iphoneos;
				SWIFT_ACTIVE_COMPILATION_CONDITIONS = DEBUG;
				SWIFT_OPTIMIZATION_LEVEL = "-Onone";
			};
			name = Debug;
		};
		C4AD3C3A224097CB0095BC97 /* Release */ = {
			isa = XCBuildConfiguration;
			buildSettings = {
				ALWAYS_SEARCH_USER_PATHS = NO;
				CLANG_ANALYZER_LOCALIZABILITY_NONLOCALIZED = YES;
				CLANG_ANALYZER_NONNULL = YES;
				CLANG_ANALYZER_NUMBER_OBJECT_CONVERSION = YES_AGGRESSIVE;
				CLANG_CXX_LANGUAGE_STANDARD = "gnu++14";
				CLANG_CXX_LIBRARY = "libc++";
				CLANG_ENABLE_MODULES = YES;
				CLANG_ENABLE_OBJC_ARC = YES;
				CLANG_ENABLE_OBJC_WEAK = YES;
				CLANG_WARN_BLOCK_CAPTURE_AUTORELEASING = YES;
				CLANG_WARN_BOOL_CONVERSION = YES;
				CLANG_WARN_COMMA = YES;
				CLANG_WARN_CONSTANT_CONVERSION = YES;
				CLANG_WARN_DEPRECATED_OBJC_IMPLEMENTATIONS = YES;
				CLANG_WARN_DIRECT_OBJC_ISA_USAGE = YES_ERROR;
				CLANG_WARN_DOCUMENTATION_COMMENTS = YES;
				CLANG_WARN_EMPTY_BODY = YES;
				CLANG_WARN_ENUM_CONVERSION = YES;
				CLANG_WARN_INFINITE_RECURSION = YES;
				CLANG_WARN_INT_CONVERSION = YES;
				CLANG_WARN_NON_LITERAL_NULL_CONVERSION = YES;
				CLANG_WARN_OBJC_IMPLICIT_RETAIN_SELF = YES;
				CLANG_WARN_OBJC_LITERAL_CONVERSION = YES;
				CLANG_WARN_OBJC_ROOT_CLASS = YES_ERROR;
				CLANG_WARN_RANGE_LOOP_ANALYSIS = YES;
				CLANG_WARN_STRICT_PROTOTYPES = YES;
				CLANG_WARN_SUSPICIOUS_MOVE = YES;
				CLANG_WARN_UNGUARDED_AVAILABILITY = YES_AGGRESSIVE;
				CLANG_WARN_UNREACHABLE_CODE = YES;
				CLANG_WARN__DUPLICATE_METHOD_MATCH = YES;
				CODE_SIGN_IDENTITY = "iPhone Developer";
				COPY_PHASE_STRIP = NO;
				DEBUG_INFORMATION_FORMAT = "dwarf-with-dsym";
				ENABLE_NS_ASSERTIONS = NO;
				ENABLE_STRICT_OBJC_MSGSEND = YES;
				GCC_C_LANGUAGE_STANDARD = gnu11;
				GCC_NO_COMMON_BLOCKS = YES;
				GCC_WARN_64_TO_32_BIT_CONVERSION = YES;
				GCC_WARN_ABOUT_RETURN_TYPE = YES_ERROR;
				GCC_WARN_UNDECLARED_SELECTOR = YES;
				GCC_WARN_UNINITIALIZED_AUTOS = YES_AGGRESSIVE;
				GCC_WARN_UNUSED_FUNCTION = YES;
				GCC_WARN_UNUSED_VARIABLE = YES;
				IPHONEOS_DEPLOYMENT_TARGET = 12.1;
				MTL_ENABLE_DEBUG_INFO = NO;
				MTL_FAST_MATH = YES;
				SDKROOT = iphoneos;
				SWIFT_COMPILATION_MODE = wholemodule;
				SWIFT_OPTIMIZATION_LEVEL = "-O";
				VALIDATE_PRODUCT = YES;
			};
			name = Release;
		};
		C4AD3C3C224097CB0095BC97 /* Debug */ = {
			isa = XCBuildConfiguration;
			baseConfigurationReference = A9932FE1DB24369678F50635 /* Pods-TuChong.debug.xcconfig */;
			buildSettings = {
				ASSETCATALOG_COMPILER_APPICON_NAME = AppIcon;
				CODE_SIGN_STYLE = Automatic;
				DEVELOPMENT_TEAM = G6WGUJ4M73;
				INFOPLIST_FILE = TuChong/Info.plist;
				IPHONEOS_DEPLOYMENT_TARGET = 10.0;
				LD_RUNPATH_SEARCH_PATHS = (
					"$(inherited)",
					"@executable_path/Frameworks",
				);
				"OTHER_SWIFT_FLAGS[arch=*]" = "-D DEBUG";
				PRODUCT_BUNDLE_IDENTIFIER = Summer.TuChong;
				PRODUCT_NAME = "$(TARGET_NAME)";
				SWIFT_OBJC_BRIDGING_HEADER = "TuChong/App/TuChong-Bridging-Header.h";
				SWIFT_VERSION = 4.2;
				TARGETED_DEVICE_FAMILY = 1;
				USER_HEADER_SEARCH_PATHS = "$(SRCROOT)/**";
			};
			name = Debug;
		};
		C4AD3C3D224097CB0095BC97 /* Release */ = {
			isa = XCBuildConfiguration;
			baseConfigurationReference = 85E197914226118C536E28EC /* Pods-TuChong.release.xcconfig */;
			buildSettings = {
				ASSETCATALOG_COMPILER_APPICON_NAME = AppIcon;
				CODE_SIGN_STYLE = Automatic;
				DEVELOPMENT_TEAM = G6WGUJ4M73;
				INFOPLIST_FILE = TuChong/Info.plist;
				IPHONEOS_DEPLOYMENT_TARGET = 10.0;
				LD_RUNPATH_SEARCH_PATHS = (
					"$(inherited)",
					"@executable_path/Frameworks",
				);
				PRODUCT_BUNDLE_IDENTIFIER = Summer.TuChong;
				PRODUCT_NAME = "$(TARGET_NAME)";
				SWIFT_OBJC_BRIDGING_HEADER = "TuChong/App/TuChong-Bridging-Header.h";
				SWIFT_VERSION = 4.2;
				TARGETED_DEVICE_FAMILY = 1;
				USER_HEADER_SEARCH_PATHS = "$(SRCROOT)/**";
			};
			name = Release;
		};
/* End XCBuildConfiguration section */

/* Begin XCConfigurationList section */
		C4AD3C24224097CB0095BC97 /* Build configuration list for PBXProject "TuChong" */ = {
			isa = XCConfigurationList;
			buildConfigurations = (
				C4AD3C39224097CB0095BC97 /* Debug */,
				C4AD3C3A224097CB0095BC97 /* Release */,
			);
			defaultConfigurationIsVisible = 0;
			defaultConfigurationName = Release;
		};
		C4AD3C3B224097CB0095BC97 /* Build configuration list for PBXNativeTarget "TuChong" */ = {
			isa = XCConfigurationList;
			buildConfigurations = (
				C4AD3C3C224097CB0095BC97 /* Debug */,
				C4AD3C3D224097CB0095BC97 /* Release */,
			);
			defaultConfigurationIsVisible = 0;
			defaultConfigurationName = Release;
		};
/* End XCConfigurationList section */
	};
	rootObject = C4AD3C21224097CB0095BC97 /* Project object */;
}
